// !$*UTF8*$!
{
	archiveVersion = 1;
	classes = {
	};
	objectVersion = 46;
	objects = {
/* Begin PBXBuildFile section */
		010E3BA3CC574D299E5629E7 /* AppDelegate+notification.m in Sources */ = {isa = PBXBuildFile; fileRef = A2A27F0282644C2AA9776AF5 /* AppDelegate+notification.m */; };
		0207DA581B56EA530066E2B4 /* Images.xcassets in Resources */ = {isa = PBXBuildFile; fileRef = 0207DA571B56EA530066E2B4 /* Images.xcassets */; };
		04DEF0FE0CE84CF99EA6E758 /* libGcmLib.a in Frameworks */ = {isa = PBXBuildFile; fileRef = CD2D1C8AA30E409C8CA060E0 /* libGcmLib.a */; };
		05DA7BC98D1C4E9687E57304 /* sqlite3.c in Sources */ = {isa = PBXBuildFile; fileRef = 465CEBB40FDF4285AC98E988 /* sqlite3.c */; settings = {COMPILER_FLAGS = "-DSQLITE_TEMP_STORE=2 -DSQLITE_THREADSAFE=1 -DSQLITE_ENABLE_FTS3 -DSQLITE_ENABLE_FTS3_PARENTHESIS -DSQLITE_ENABLE_FTS4 -DSQLITE_ENABLE_RTREE  -DSQLITE_OMIT_BUILTIN_TEST -DSQLITE_OMIT_LOAD_EXTENSION -DSQLITE_DEFAULT_PAGE_SIZE=1024 -DSQLITE_DEFAULT_CACHE_SIZE=2000"; }; };
		07485F5F26E44D41B149C121 /* CDVFile.m in Sources */ = {isa = PBXBuildFile; fileRef = 9A5C1C1B0D28425B8F156B6B /* CDVFile.m */; };
		0A7EA75544E746A5887ACB54 /* libGTM_NSDictionary+URLArguments.a in Frameworks */ = {isa = PBXBuildFile; fileRef = 8AB412F796314DB7B050355D /* libGTM_NSDictionary+URLArguments.a */; };
		0DC504BCD79844D1BDF34BF3 /* CDVLogger.m in Sources */ = {isa = PBXBuildFile; fileRef = 42A25351B1EA4261BECCEE24 /* CDVLogger.m */; };
		11E8042AA9884FE18D9030DE /* libGTM_iPhone.a in Frameworks */ = {isa = PBXBuildFile; fileRef = B4BB1A13C3A647A6A3B18C4C /* libGTM_iPhone.a */; };
		1340B00B385E44CA82BA273E /* CoreImage.framework in Frameworks */ = {isa = PBXBuildFile; fileRef = 25FAF18C6A7248909CC75868 /* CoreImage.framework */; };
		17050B1705BD463290555DB6 /* libProtocolBuffers.a in Frameworks */ = {isa = PBXBuildFile; fileRef = 7E205C4056C241DAADCB33F1 /* libProtocolBuffers.a */; };
		1A4C4904F1AD46759953F01D /* Overlay@2x.png in Resources */ = {isa = PBXBuildFile; fileRef = 92F748751D0C4ADEBA28CF07 /* Overlay@2x.png */; };
		1D3623260D0F684500981E51 /* AppDelegate.m in Sources */ = {isa = PBXBuildFile; fileRef = 1D3623250D0F684500981E51 /* AppDelegate.m */; };
		1D60589B0D05DD56006BFB54 /* main.m in Sources */ = {isa = PBXBuildFile; fileRef = 29B97316FDCFA39411CA2CEA /* main.m */; };
		1E4038AA1EFE4B058230BAD1 /* libiconv.dylib in Frameworks */ = {isa = PBXBuildFile; fileRef = 63155108FD9345069F31BAA9 /* libiconv.dylib */; };
		293F0DCFE4AF4A0585BA1A1A /* ELCAssetCell.m in Sources */ = {isa = PBXBuildFile; fileRef = 95AA5A2F5C9141109F078300 /* ELCAssetCell.m */; };
		2EA745D754CE440792C42A8D /* CDVLocation.m in Sources */ = {isa = PBXBuildFile; fileRef = 28DCC1C05762456284DE7AA5 /* CDVLocation.m */; };
		301BF552109A68D80062928A /* libCordova.a in Frameworks */ = {isa = PBXBuildFile; fileRef = 301BF535109A57CC0062928A /* libCordova.a */; };
		302D95F114D2391D003F00A1 /* MainViewController.m in Sources */ = {isa = PBXBuildFile; fileRef = 302D95EF14D2391D003F00A1 /* MainViewController.m */; };
		302D95F214D2391D003F00A1 /* MainViewController.xib in Resources */ = {isa = PBXBuildFile; fileRef = 302D95F014D2391D003F00A1 /* MainViewController.xib */; };
		3344A83EFB6441538BD36D9F /* SQLitePlugin.m in Sources */ = {isa = PBXBuildFile; fileRef = 68CFFAEDB3DA41FD870B9953 /* SQLitePlugin.m */; };
		37474FD194CB450D945B56F2 /* libGTMSessionFetcher_full.a in Frameworks */ = {isa = PBXBuildFile; fileRef = E846D95530664F6C8AC3F451 /* libGTMSessionFetcher_full.a */; };
		378A0599F1F54A8094B119F6 /* CoreLocation.framework in Frameworks */ = {isa = PBXBuildFile; fileRef = 80A598F66CD749CC8C659CA5 /* CoreLocation.framework */; };
		3811A57038C947B7B1623A52 /* zxing-all-in-one.cpp in Sources */ = {isa = PBXBuildFile; fileRef = 058FD035DEC84E6FA37803F4 /* zxing-all-in-one.cpp */; };
		382F2F93BFBB47C586A3E427 /* CDVFileTransfer.m in Sources */ = {isa = PBXBuildFile; fileRef = 1E0F6D239E5C4D089AAD42A8 /* CDVFileTransfer.m */; };
		3897EFD79D0248239C5AC789 /* CDVGlobalization.m in Sources */ = {isa = PBXBuildFile; fileRef = EABD9BE62F7D4AD18F82BAEF /* CDVGlobalization.m */; };
		3AC65E44B87546F096C423E6 /* CDVSplashScreen.m in Sources */ = {isa = PBXBuildFile; fileRef = 607CEEA9293A4F23A93AFB19 /* CDVSplashScreen.m */; };
		3ED296FD429B4DA88933B11D /* UIImage+CropScaleOrientation.m in Sources */ = {isa = PBXBuildFile; fileRef = 1FB37108FB824C38A93EE2E1 /* UIImage+CropScaleOrientation.m */; };
		479ED8F6A7B54B7AA639A46C /* SystemConfiguration.framework in Frameworks */ = {isa = PBXBuildFile; fileRef = 08FE4E703B7543238175D569 /* SystemConfiguration.framework */; settings = {ATTRIBUTES = (Weak, ); }; };
		49F217F00CD2467BBBFF8E77 /* scannerOverlay.xib in Resources */ = {isa = PBXBuildFile; fileRef = E585ABA75BB54FBFA3DAADEB /* scannerOverlay.xib */; };
		4F9D687060F5497795E3C2A2 /* CDVViewController+SplashScreen.m in Sources */ = {isa = PBXBuildFile; fileRef = 4D6A518DAE504284B31AB437 /* CDVViewController+SplashScreen.m */; };
		50494FEF9F75488BAF4F2002 /* CoreVideo.framework in Frameworks */ = {isa = PBXBuildFile; fileRef = 520BFE626EC34649BE2C3845 /* CoreVideo.framework */; };
		55588F14DCA2435B98BF869D /* Social.framework in Frameworks */ = {isa = PBXBuildFile; fileRef = 56C5DAED38904263AB84D478 /* Social.framework */; settings = {ATTRIBUTES = (Weak, ); }; };
		571EC35574824204BA307139 /* CDVInstagramPlugin.m in Sources */ = {isa = PBXBuildFile; fileRef = F9AD9F06EE5149849C4DEE30 /* CDVInstagramPlugin.m */; };
		574312966A2F46D2AC1C12D2 /* CDVJpegHeaderWriter.m in Sources */ = {isa = PBXBuildFile; fileRef = 8E2021A3FBA0441098267646 /* CDVJpegHeaderWriter.m */; };
		579144A291384D0CBA978173 /* SocialSharing.m in Sources */ = {isa = PBXBuildFile; fileRef = 1A2B385C8EE7413C8C64E237 /* SocialSharing.m */; };
		5A736F4FB97F46EF8E2F6563 /* libGTM_GTMURLBuilder.a in Frameworks */ = {isa = PBXBuildFile; fileRef = 130A377A23084D3A8F872EDF /* libGTM_GTMURLBuilder.a */; };
		5ECC9BD7C0444774A149465A /* libsqlite3.tbd in Frameworks */ = {isa = PBXBuildFile; fileRef = 882AE45FB21447B8A4EB0FB8 /* libsqlite3.tbd */; };
		626CC643CCDD4D46A25BF0E8 /* CDVConnection.m in Sources */ = {isa = PBXBuildFile; fileRef = F4DF240D7DBA401F9684F26E /* CDVConnection.m */; };
		6315A1064B1D4B9284DE629C /* Overlay.png in Resources */ = {isa = PBXBuildFile; fileRef = 52C259087E3B4986B22D1234 /* Overlay.png */; };
		686F54C4401544988CD8C237 /* ELCAssetTablePicker.xib in Resources */ = {isa = PBXBuildFile; fileRef = E1736BECEB434263927269AA /* ELCAssetTablePicker.xib */; };
		6AE37E18238E4D22B49B8C1E /* CDVReachability.m in Sources */ = {isa = PBXBuildFile; fileRef = FC0F836183CF4C248A5EC5C8 /* CDVReachability.m */; };
		6AFF5BF91D6E424B00AB3073 /* CDVLaunchScreen.storyboard in Resources */ = {isa = PBXBuildFile; fileRef = 6AFF5BF81D6E424B00AB3073 /* CDVLaunchScreen.storyboard */; };
		6D9F44BA9CF448778CCF49F2 /* libGTM_SystemVersion.a in Frameworks */ = {isa = PBXBuildFile; fileRef = 1B0E923E5D9C4A629C3C631F /* libGTM_SystemVersion.a */; };
		70BE86E2EED94F5487C297A5 /* ELCAlbumPickerController.xib in Resources */ = {isa = PBXBuildFile; fileRef = B7400C3495FC4EB6AA96ADBD /* ELCAlbumPickerController.xib */; };
		72BF3B99FB464381BC1BB974 /* ELCAssetTablePicker.m in Sources */ = {isa = PBXBuildFile; fileRef = 0DFDA281BEC243E8915ED125 /* ELCAssetTablePicker.m */; };
		7562FDAE7C674B2DB06B5067 /* libGGLCore.a in Frameworks */ = {isa = PBXBuildFile; fileRef = 358068A214144A07AE61392D /* libGGLCore.a */; };
		765C6E0EDB2A4B3CB36741C4 /* libGGLInstanceIDLib.a in Frameworks */ = {isa = PBXBuildFile; fileRef = F3CFFDA1D66542F6809DF6DD /* libGGLInstanceIDLib.a */; };
		7D6098ECCEF44990A47C612C /* CDVCamera.m in Sources */ = {isa = PBXBuildFile; fileRef = 12A0DD77BDB54E8EB227C5E8 /* CDVCamera.m */; };
		7EFD76FDAC5241EF97053073 /* libGTM_NSStringXML.a in Frameworks */ = {isa = PBXBuildFile; fileRef = 121F71B1B0EC41478FE683D3 /* libGTM_NSStringXML.a */; };
		838BAE78A034405EBE1BB3C9 /* ELCAssetPicker.xib in Resources */ = {isa = PBXBuildFile; fileRef = EF37DD2E44DB4255860C98EC /* ELCAssetPicker.xib */; };
		83FF0C4B6DF54C0992BE5C9D /* libGGLCloudMessaging.a in Frameworks */ = {isa = PBXBuildFile; fileRef = 875ED25C8F804220829C24DC /* libGGLCloudMessaging.a */; };
		85A4F093069E49749C51D60A /* CDVAssetLibraryFilesystem.m in Sources */ = {isa = PBXBuildFile; fileRef = BC10F44284D9453F988ED842 /* CDVAssetLibraryFilesystem.m */; };
		8A199D6FF0A246FD90C51368 /* libGTM_AddressBook.a in Frameworks */ = {isa = PBXBuildFile; fileRef = 8191FA51B74B4E99B0400F0F /* libGTM_AddressBook.a */; };
		8D6919916E064866B4F6BEC5 /* PushPlugin.m in Sources */ = {isa = PBXBuildFile; fileRef = CCAA33ED899B4368985DD2A0 /* PushPlugin.m */; };
		8F2C24550AAA4683ADB5F5D1 /* CDVDevice.m in Sources */ = {isa = PBXBuildFile; fileRef = B23B4E55A4594E588D0C6AE7 /* CDVDevice.m */; };
		90BE314CA9194B8AB27C068D /* libGTM_Regex.a in Frameworks */ = {isa = PBXBuildFile; fileRef = 85B6E4EAD389424D984EB220 /* libGTM_Regex.a */; };
		92D5D3849E1040AD8AC7E088 /* NSString+URLEncoding.m in Sources */ = {isa = PBXBuildFile; fileRef = E18663E0163C4F0A9A5D21D6 /* NSString+URLEncoding.m */; };
		9EE2D572B8BB4893B03552F0 /* libGIP_Reachability.a in Frameworks */ = {isa = PBXBuildFile; fileRef = AFBA1272426A4208917EE343 /* libGIP_Reachability.a */; };
		9EE37788A2724ABC8CAF6756 /* libGSDK_Overload.a in Frameworks */ = {isa = PBXBuildFile; fileRef = 91A245E5A5DE4447AFC56F5C /* libGSDK_Overload.a */; };
		A34F53575CE245EC9FF4E850 /* QuartzCore.framework in Frameworks */ = {isa = PBXBuildFile; fileRef = 700CCB6F534640B2BE6CBF76 /* QuartzCore.framework */; };
		A4378A1ADA7C421A9FD2C98A /* IonicKeyboard.m in Sources */ = {isa = PBXBuildFile; fileRef = 5CE9C611B970421C811276E4 /* IonicKeyboard.m */; };
		A57EB7B881AF4CF1931EAC90 /* AVFoundation.framework in Frameworks */ = {isa = PBXBuildFile; fileRef = DA0E74B3961948A986AEEF02 /* AVFoundation.framework */; };
		A9D0E03278604C48AA6C4353 /* CoreTelephony.framework in Frameworks */ = {isa = PBXBuildFile; fileRef = 4570445E02BA4989B04663B6 /* CoreTelephony.framework */; };
		AAE20999DFB34BB3AC0E2C7B /* AddressBook.framework in Frameworks */ = {isa = PBXBuildFile; fileRef = 398ED4FCB6CE4CB882730FC0 /* AddressBook.framework */; };
		AD8B36611228429B888F6605 /* libGTMStackTrace.a in Frameworks */ = {isa = PBXBuildFile; fileRef = C8473B9A812A496EA131E9B6 /* libGTMStackTrace.a */; };
		B503563ADAFE4539B8CCDFCC /* SOSPicker.m in Sources */ = {isa = PBXBuildFile; fileRef = E22DC2E1F9544CAA9D34234E /* SOSPicker.m */; };
		B7A6BD476D464517B31BC537 /* CDVBarcodeScanner.bundle in Resources */ = {isa = PBXBuildFile; fileRef = E76DF5596DCF4C13A2FF61CA /* CDVBarcodeScanner.bundle */; };
		BBAC248AFB7543DBBD48D1FA /* ELCImagePickerController.m in Sources */ = {isa = PBXBuildFile; fileRef = 61916578A57A4FF2B1F8E019 /* ELCImagePickerController.m */; };
		BBD0DD84B8CC4921A8C40F78 /* CDVLocalFilesystem.m in Sources */ = {isa = PBXBuildFile; fileRef = DC04364D25AF4A10856212CA /* CDVLocalFilesystem.m */; };
		BDE08A8C644D4421805C7291 /* libGTM_core.a in Frameworks */ = {isa = PBXBuildFile; fileRef = 0988C86197604E4B89585E6D /* libGTM_core.a */; };
		BF14AAEF891B49E29B486834 /* libGTM_KVO.a in Frameworks */ = {isa = PBXBuildFile; fileRef = AA0D0105E398488E9DDAD51D /* libGTM_KVO.a */; };
		C301C43AFC1B4FAB89CB283B /* MessageUI.framework in Frameworks */ = {isa = PBXBuildFile; fileRef = 71A6638A89B048BAAD7E3DFD /* MessageUI.framework */; settings = {ATTRIBUTES = (Weak, ); }; };
		CA595F38C3AF4F6CA63FC5BB /* libGTM_UIFont+LineHeight.a in Frameworks */ = {isa = PBXBuildFile; fileRef = 4638136DF18E4DC897069AF8 /* libGTM_UIFont+LineHeight.a */; };
		D155EC91D4544EF6B9D645A9 /* libGTM_NSData+zlib.a in Frameworks */ = {isa = PBXBuildFile; fileRef = 97337D61ED764288800FE416 /* libGTM_NSData+zlib.a */; };
		D735768210A640898488E778 /* CDVClipboard.m in Sources */ = {isa = PBXBuildFile; fileRef = 6D2FA305EA794DC49D241C34 /* CDVClipboard.m */; };
		D8A3E9A5E11A4322A8E43EFF /* libz.tbd in Frameworks */ = {isa = PBXBuildFile; fileRef = 779968BAFC1F4380906EF239 /* libz.tbd */; };
		DB9D8BF3EE1C49D99612777E /* CDVBarcodeScanner.mm in Sources */ = {isa = PBXBuildFile; fileRef = F6B9F22FAEE64ED99DE77F43 /* CDVBarcodeScanner.mm */; settings = {COMPILER_FLAGS = "-fno-objc-arc"; }; };
		DD4AE644E52F443CB4F38246 /* libGTM_DebugUtils.a in Frameworks */ = {isa = PBXBuildFile; fileRef = F0E6AE8C235A403097164F20 /* libGTM_DebugUtils.a */; };
		DDF28F24014F4F31B30F8942 /* CDVInAppBrowser.m in Sources */ = {isa = PBXBuildFile; fileRef = 5DBBF01E95FA4DEDA9006AE1 /* CDVInAppBrowser.m */; };
		E08DBD5E7411444A813A4C6E /* ELCAlbumPickerController.m in Sources */ = {isa = PBXBuildFile; fileRef = C47B7C3202564C7AB9CC1273 /* ELCAlbumPickerController.m */; };
		EB729309DADC43C7B7229358 /* libGTM_NSStringHTML.a in Frameworks */ = {isa = PBXBuildFile; fileRef = 4521982826E04FFAB239FB08 /* libGTM_NSStringHTML.a */; };
		EB8AEBA855B345388FA8F95B /* libGTMSessionFetcher_core.a in Frameworks */ = {isa = PBXBuildFile; fileRef = 45919FABA980408DB44656B7 /* libGTMSessionFetcher_core.a */; };
		ED52294BA11F40BBB0B55895 /* libGTM_RoundedRectPath.a in Frameworks */ = {isa = PBXBuildFile; fileRef = 96B685B462884DA781B9991D /* libGTM_RoundedRectPath.a */; };
		EF8F7D0C2B77461BAB7EB7ED /* libGTM_StringEncoding.a in Frameworks */ = {isa = PBXBuildFile; fileRef = 15EBBC971CA5402AB4E2E0A6 /* libGTM_StringEncoding.a */; };
		F570BD3355EB49849FFF3554 /* ImageIO.framework in Frameworks */ = {isa = PBXBuildFile; fileRef = 7C4824D4A2E848AE912F7CFA /* ImageIO.framework */; settings = {ATTRIBUTES = (Weak, ); }; };
		F94C00F46EEF4BE5A2BD7049 /* AudioToolbox.framework in Frameworks */ = {isa = PBXBuildFile; fileRef = 20D7AE357EC147F5A2F703E5 /* AudioToolbox.framework */; };
		F9BFF9055F664D32A4E72C69 /* ELCAsset.m in Sources */ = {isa = PBXBuildFile; fileRef = 4C0EF0B0678E4BED86DB99BE /* ELCAsset.m */; };
		FB96AD8CA9E3456DA7154B6F /* CDVStatusBar.m in Sources */ = {isa = PBXBuildFile; fileRef = D420DB6D8B854D178B5DF329 /* CDVStatusBar.m */; };
		FC30CB6363674C3CBD5BA877 /* libGTM_NSScannerJSON.a in Frameworks */ = {isa = PBXBuildFile; fileRef = F6BDA384DAE24A7FB8DBCC7C /* libGTM_NSScannerJSON.a */; };
		334EC756646A404A8E505D5C /* FetchPlugin.m in Sources */ = {isa = PBXBuildFile; fileRef = E1D0039B3AE74BF38027A5CB /* FetchPlugin.m */; };
		BDD82CEDDE8142AB95D3EDB5 /* BaseClient.m in Sources */ = {isa = PBXBuildFile; fileRef = C83E216D95ED49E5BD8E1372 /* BaseClient.m */; };
		288B8D80CDC84FC381B5FC71 /* AFHTTPSessionManager.m in Sources */ = {isa = PBXBuildFile; fileRef = 7501B0A44A5546EFAA543878 /* AFHTTPSessionManager.m */; };
		040B02688DD044FFA6D3D01F /* AFNetworkReachabilityManager.m in Sources */ = {isa = PBXBuildFile; fileRef = 9CF93D90E656496EA1B0203A /* AFNetworkReachabilityManager.m */; };
		445C434A2AF94CB5AC125407 /* AFSecurityPolicy.m in Sources */ = {isa = PBXBuildFile; fileRef = 04F947E3D2E6469791F31352 /* AFSecurityPolicy.m */; };
		81E33AA18DE44EDCB33F4AEC /* AFURLRequestSerialization.m in Sources */ = {isa = PBXBuildFile; fileRef = B510772944534A339F8DBFCA /* AFURLRequestSerialization.m */; };
		FE0A9D17A2474F79966F846C /* AFURLResponseSerialization.m in Sources */ = {isa = PBXBuildFile; fileRef = 2C413E86E75E4718B258FB79 /* AFURLResponseSerialization.m */; };
		DA9981CDBCA54D339B93EEE4 /* AFURLSessionManager.m in Sources */ = {isa = PBXBuildFile; fileRef = 400466AA2562410F963DF1C4 /* AFURLSessionManager.m */; };
		7041F15200844081AEA979DB /* AFNetworkActivityLogger.m in Sources */ = {isa = PBXBuildFile; fileRef = 6199C7ED913A4543A43C1102 /* AFNetworkActivityLogger.m */; };
		6E752824979D4791B29CF7B1 /* Security.framework in Frameworks */ = {isa = PBXBuildFile; fileRef = A565F561CC94430291C7F974 /* Security.framework */; };
/* End PBXBuildFile section */

/* Begin PBXContainerItemProxy section */
		301BF534109A57CC0062928A /* PBXContainerItemProxy */ = {
			isa = PBXContainerItemProxy;
			containerPortal = 301BF52D109A57CC0062928A /* CordovaLib/CordovaLib.xcodeproj */;
			proxyType = 2;
			remoteGlobalIDString = D2AAC07E0554694100DB518D;
			remoteInfo = CordovaLib;
		};
		301BF550109A68C00062928A /* PBXContainerItemProxy */ = {
			isa = PBXContainerItemProxy;
			containerPortal = 301BF52D109A57CC0062928A /* CordovaLib/CordovaLib.xcodeproj */;
			proxyType = 1;
			remoteGlobalIDString = D2AAC07D0554694100DB518D;
			remoteInfo = CordovaLib;
		};
		5BC7505F1F54478E009DE316 /* PBXContainerItemProxy */ = {
			isa = PBXContainerItemProxy;
			containerPortal = 301BF52D109A57CC0062928A /* CordovaLib/CordovaLib.xcodeproj */;
			proxyType = 2;
			remoteGlobalIDString = C0C01EB21E3911D50056E6CB;
			remoteInfo = Cordova;
		};
/* End PBXContainerItemProxy section */

/* Begin PBXFileReference section */
		0207DA571B56EA530066E2B4 /* Images.xcassets */ = {isa = PBXFileReference; lastKnownFileType = folder.assetcatalog; name = Images.xcassets; path = Profify/Images.xcassets; sourceTree = SOURCE_ROOT; };
		03282233DCE444ABA06B6254 /* CDVDevice.h */ = {isa = PBXFileReference; explicitFileType = undefined; fileEncoding = 4; includeInIndex = 0; lastKnownFileType = sourcecode.c.h; name = CDVDevice.h; path = "cordova-plugin-device/CDVDevice.h"; sourceTree = "<group>"; };
		058FD035DEC84E6FA37803F4 /* zxing-all-in-one.cpp */ = {isa = PBXFileReference; explicitFileType = undefined; fileEncoding = 9; includeInIndex = 0; lastKnownFileType = unknown; name = "zxing-all-in-one.cpp"; path = "phonegap-plugin-barcodescanner/zxing-all-in-one.cpp"; sourceTree = "<group>"; };
		061A7C969A2B43DEAC9BD16B /* GGLInstanceIDHeaders.h */ = {isa = PBXFileReference; explicitFileType = undefined; fileEncoding = 4; includeInIndex = 0; lastKnownFileType = sourcecode.c.h; name = GGLInstanceIDHeaders.h; path = "phonegap-plugin-push/GCM/Headers/GGLInstanceIDHeaders.h"; sourceTree = "<group>"; };
		08FE4E703B7543238175D569 /* SystemConfiguration.framework */ = {isa = PBXFileReference; explicitFileType = undefined; fileEncoding = 9; includeInIndex = 0; lastKnownFileType = wrapper.framework; name = SystemConfiguration.framework; path = System/Library/Frameworks/SystemConfiguration.framework; sourceTree = SDKROOT; };
		0988C86197604E4B89585E6D /* libGTM_core.a */ = {isa = PBXFileReference; explicitFileType = undefined; fileEncoding = 9; includeInIndex = 0; lastKnownFileType = archive.ar; name = libGTM_core.a; path = "Profify/Plugins/phonegap-plugin-push/GCM/Libraries/libGTM_core.a"; sourceTree = "<group>"; };
		0D84859C38D2472CBD4FADC8 /* GCMReceiverDelegate.h */ = {isa = PBXFileReference; explicitFileType = undefined; fileEncoding = 4; includeInIndex = 0; lastKnownFileType = sourcecode.c.h; name = GCMReceiverDelegate.h; path = "phonegap-plugin-push/GCM/Headers/GCMReceiverDelegate.h"; sourceTree = "<group>"; };
		0DFDA281BEC243E8915ED125 /* ELCAssetTablePicker.m */ = {isa = PBXFileReference; explicitFileType = undefined; fileEncoding = 4; includeInIndex = 0; lastKnownFileType = sourcecode.c.objc; name = ELCAssetTablePicker.m; path = "cordova-plugin-image-picker/ELCAssetTablePicker.m"; sourceTree = "<group>"; };
		121F71B1B0EC41478FE683D3 /* libGTM_NSStringXML.a */ = {isa = PBXFileReference; explicitFileType = undefined; fileEncoding = 9; includeInIndex = 0; lastKnownFileType = archive.ar; name = libGTM_NSStringXML.a; path = "Profify/Plugins/phonegap-plugin-push/GCM/Libraries/libGTM_NSStringXML.a"; sourceTree = "<group>"; };
		12A0DD77BDB54E8EB227C5E8 /* CDVCamera.m */ = {isa = PBXFileReference; explicitFileType = undefined; fileEncoding = 4; includeInIndex = 0; lastKnownFileType = sourcecode.c.objc; name = CDVCamera.m; path = "cordova-plugin-camera/CDVCamera.m"; sourceTree = "<group>"; };
		130A377A23084D3A8F872EDF /* libGTM_GTMURLBuilder.a */ = {isa = PBXFileReference; explicitFileType = undefined; fileEncoding = 9; includeInIndex = 0; lastKnownFileType = archive.ar; name = libGTM_GTMURLBuilder.a; path = "Profify/Plugins/phonegap-plugin-push/GCM/Libraries/libGTM_GTMURLBuilder.a"; sourceTree = "<group>"; };
		15EBBC971CA5402AB4E2E0A6 /* libGTM_StringEncoding.a */ = {isa = PBXFileReference; explicitFileType = undefined; fileEncoding = 9; includeInIndex = 0; lastKnownFileType = archive.ar; name = libGTM_StringEncoding.a; path = "Profify/Plugins/phonegap-plugin-push/GCM/Libraries/libGTM_StringEncoding.a"; sourceTree = "<group>"; };
		17486D581C5D4C318A09E4A5 /* CDVLocalFilesystem.h */ = {isa = PBXFileReference; explicitFileType = undefined; fileEncoding = 4; includeInIndex = 0; lastKnownFileType = sourcecode.c.h; name = CDVLocalFilesystem.h; path = "cordova-plugin-file/CDVLocalFilesystem.h"; sourceTree = "<group>"; };
		1A2B385C8EE7413C8C64E237 /* SocialSharing.m */ = {isa = PBXFileReference; explicitFileType = undefined; fileEncoding = 4; includeInIndex = 0; lastKnownFileType = sourcecode.c.objc; name = SocialSharing.m; path = "cordova-plugin-x-socialsharing/SocialSharing.m"; sourceTree = "<group>"; };
		1B0E923E5D9C4A629C3C631F /* libGTM_SystemVersion.a */ = {isa = PBXFileReference; explicitFileType = undefined; fileEncoding = 9; includeInIndex = 0; lastKnownFileType = archive.ar; name = libGTM_SystemVersion.a; path = "Profify/Plugins/phonegap-plugin-push/GCM/Libraries/libGTM_SystemVersion.a"; sourceTree = "<group>"; };
		1CA75A2A6A3645FBBD3EA15E /* GGLInstanceID.h */ = {isa = PBXFileReference; explicitFileType = undefined; fileEncoding = 4; includeInIndex = 0; lastKnownFileType = sourcecode.c.h; name = GGLInstanceID.h; path = "phonegap-plugin-push/GCM/Headers/GGLInstanceID.h"; sourceTree = "<group>"; };
		1D3623240D0F684500981E51 /* AppDelegate.h */ = {isa = PBXFileReference; fileEncoding = 4; lastKnownFileType = sourcecode.c.h; path = AppDelegate.h; sourceTree = "<group>"; };
		1D3623250D0F684500981E51 /* AppDelegate.m */ = {isa = PBXFileReference; fileEncoding = 4; lastKnownFileType = sourcecode.c.objc; path = AppDelegate.m; sourceTree = "<group>"; };
		1D6058910D05DD3D006BFB54 /* Profify.app */ = {isa = PBXFileReference; explicitFileType = wrapper.application; includeInIndex = 0; path = Profify.app; sourceTree = BUILT_PRODUCTS_DIR; };
		1E0F6D239E5C4D089AAD42A8 /* CDVFileTransfer.m */ = {isa = PBXFileReference; explicitFileType = undefined; fileEncoding = 4; includeInIndex = 0; lastKnownFileType = sourcecode.c.objc; name = CDVFileTransfer.m; path = "cordova-plugin-file-transfer/CDVFileTransfer.m"; sourceTree = "<group>"; };
		1E98B88684AC43A6BB4AAA2A /* CDVReachability.h */ = {isa = PBXFileReference; explicitFileType = undefined; fileEncoding = 4; includeInIndex = 0; lastKnownFileType = sourcecode.c.h; name = CDVReachability.h; path = "cordova-plugin-network-information/CDVReachability.h"; sourceTree = "<group>"; };
		1FB37108FB824C38A93EE2E1 /* UIImage+CropScaleOrientation.m */ = {isa = PBXFileReference; explicitFileType = undefined; fileEncoding = 4; includeInIndex = 0; lastKnownFileType = sourcecode.c.objc; name = "UIImage+CropScaleOrientation.m"; path = "cordova-plugin-camera/UIImage+CropScaleOrientation.m"; sourceTree = "<group>"; };
		20D7AE357EC147F5A2F703E5 /* AudioToolbox.framework */ = {isa = PBXFileReference; explicitFileType = undefined; fileEncoding = 9; includeInIndex = 0; lastKnownFileType = wrapper.framework; name = AudioToolbox.framework; path = System/Library/Frameworks/AudioToolbox.framework; sourceTree = SDKROOT; };
		25FAF18C6A7248909CC75868 /* CoreImage.framework */ = {isa = PBXFileReference; explicitFileType = undefined; fileEncoding = 9; includeInIndex = 0; lastKnownFileType = wrapper.framework; name = CoreImage.framework; path = System/Library/Frameworks/CoreImage.framework; sourceTree = SDKROOT; };
		28DCC1C05762456284DE7AA5 /* CDVLocation.m */ = {isa = PBXFileReference; explicitFileType = undefined; fileEncoding = 4; includeInIndex = 0; lastKnownFileType = sourcecode.c.objc; name = CDVLocation.m; path = "cordova-plugin-geolocation/CDVLocation.m"; sourceTree = "<group>"; };
		29B97316FDCFA39411CA2CEA /* main.m */ = {isa = PBXFileReference; fileEncoding = 4; lastKnownFileType = sourcecode.c.objc; path = main.m; sourceTree = "<group>"; };
		2C6473E5D56443009A6B56DD /* GGLInstanceIDConfig.h */ = {isa = PBXFileReference; explicitFileType = undefined; fileEncoding = 4; includeInIndex = 0; lastKnownFileType = sourcecode.c.h; name = GGLInstanceIDConfig.h; path = "phonegap-plugin-push/GCM/Headers/GGLInstanceIDConfig.h"; sourceTree = "<group>"; };
		2CEF4FB5942B436FB1F54D9C /* GCMService.h */ = {isa = PBXFileReference; explicitFileType = undefined; fileEncoding = 4; includeInIndex = 0; lastKnownFileType = sourcecode.c.h; name = GCMService.h; path = "phonegap-plugin-push/GCM/Headers/GCMService.h"; sourceTree = "<group>"; };
		301BF52D109A57CC0062928A /* CordovaLib/CordovaLib.xcodeproj */ = {isa = PBXFileReference; lastKnownFileType = "wrapper.pb-project"; path = CordovaLib/CordovaLib.xcodeproj; sourceTree = "<group>"; };
		301BF56E109A69640062928A /* www */ = {isa = PBXFileReference; lastKnownFileType = folder; path = www; sourceTree = SOURCE_ROOT; };
		302D95EE14D2391D003F00A1 /* MainViewController.h */ = {isa = PBXFileReference; fileEncoding = 4; lastKnownFileType = sourcecode.c.h; path = MainViewController.h; sourceTree = "<group>"; };
		302D95EF14D2391D003F00A1 /* MainViewController.m */ = {isa = PBXFileReference; fileEncoding = 4; lastKnownFileType = sourcecode.c.objc; path = MainViewController.m; sourceTree = "<group>"; };
		302D95F014D2391D003F00A1 /* MainViewController.xib */ = {isa = PBXFileReference; fileEncoding = 4; lastKnownFileType = file.xib; path = MainViewController.xib; sourceTree = "<group>"; };
		3047A50F1AB8059700498E2A /* build-debug.xcconfig */ = {isa = PBXFileReference; fileEncoding = 4; lastKnownFileType = text.xcconfig; name = "build-debug.xcconfig"; path = "cordova/build-debug.xcconfig"; sourceTree = SOURCE_ROOT; };
		3047A5101AB8059700498E2A /* build-release.xcconfig */ = {isa = PBXFileReference; fileEncoding = 4; lastKnownFileType = text.xcconfig; name = "build-release.xcconfig"; path = "cordova/build-release.xcconfig"; sourceTree = SOURCE_ROOT; };
		3047A5111AB8059700498E2A /* build.xcconfig */ = {isa = PBXFileReference; fileEncoding = 4; lastKnownFileType = text.xcconfig; name = build.xcconfig; path = cordova/build.xcconfig; sourceTree = SOURCE_ROOT; };
		327B336986624B2AAB2CA425 /* IonicKeyboard.h */ = {isa = PBXFileReference; explicitFileType = undefined; fileEncoding = 4; includeInIndex = 0; lastKnownFileType = sourcecode.c.h; name = IonicKeyboard.h; path = "ionic-plugin-keyboard/IonicKeyboard.h"; sourceTree = "<group>"; };
		32CA4F630368D1EE00C91783 /* Profify-Prefix.pch */ = {isa = PBXFileReference; fileEncoding = 4; lastKnownFileType = sourcecode.c.h; path = "Profify-Prefix.pch"; sourceTree = "<group>"; };
		333FED84E58C457C9FDD39BE /* CDVClipboard.h */ = {isa = PBXFileReference; explicitFileType = undefined; fileEncoding = 4; includeInIndex = 0; lastKnownFileType = sourcecode.c.h; name = CDVClipboard.h; path = com.verso.cordova.clipboard/CDVClipboard.h; sourceTree = "<group>"; };
		357C795E5C3B4BE7B57100F4 /* CDVExif.h */ = {isa = PBXFileReference; explicitFileType = undefined; fileEncoding = 4; includeInIndex = 0; lastKnownFileType = sourcecode.c.h; name = CDVExif.h; path = "cordova-plugin-camera/CDVExif.h"; sourceTree = "<group>"; };
		358068A214144A07AE61392D /* libGGLCore.a */ = {isa = PBXFileReference; explicitFileType = undefined; fileEncoding = 9; includeInIndex = 0; lastKnownFileType = archive.ar; name = libGGLCore.a; path = "Profify/Plugins/phonegap-plugin-push/GCM/Libraries/libGGLCore.a"; sourceTree = "<group>"; };
		398ED4FCB6CE4CB882730FC0 /* AddressBook.framework */ = {isa = PBXFileReference; explicitFileType = undefined; fileEncoding = 9; includeInIndex = 0; lastKnownFileType = wrapper.framework; name = AddressBook.framework; path = System/Library/Frameworks/AddressBook.framework; sourceTree = SDKROOT; };
		3DFD729146174A859909167B /* ELCAssetSelectionDelegate.h */ = {isa = PBXFileReference; explicitFileType = undefined; fileEncoding = 4; includeInIndex = 0; lastKnownFileType = sourcecode.c.h; name = ELCAssetSelectionDelegate.h; path = "cordova-plugin-image-picker/ELCAssetSelectionDelegate.h"; sourceTree = "<group>"; };
		3E28BA8143F64641A6540E61 /* sqlite3.h */ = {isa = PBXFileReference; explicitFileType = undefined; fileEncoding = 4; includeInIndex = 0; lastKnownFileType = sourcecode.c.h; name = sqlite3.h; path = "cordova-sqlite-storage/sqlite3.h"; sourceTree = "<group>"; };
		4262C94B67CB405A9554BF70 /* CDVFile.h */ = {isa = PBXFileReference; explicitFileType = undefined; fileEncoding = 4; includeInIndex = 0; lastKnownFileType = sourcecode.c.h; name = CDVFile.h; path = "cordova-plugin-file/CDVFile.h"; sourceTree = "<group>"; };
		42A25351B1EA4261BECCEE24 /* CDVLogger.m */ = {isa = PBXFileReference; explicitFileType = undefined; fileEncoding = 4; includeInIndex = 0; lastKnownFileType = sourcecode.c.objc; name = CDVLogger.m; path = "cordova-plugin-console/CDVLogger.m"; sourceTree = "<group>"; };
		4521982826E04FFAB239FB08 /* libGTM_NSStringHTML.a */ = {isa = PBXFileReference; explicitFileType = undefined; fileEncoding = 9; includeInIndex = 0; lastKnownFileType = archive.ar; name = libGTM_NSStringHTML.a; path = "Profify/Plugins/phonegap-plugin-push/GCM/Libraries/libGTM_NSStringHTML.a"; sourceTree = "<group>"; };
		4570445E02BA4989B04663B6 /* CoreTelephony.framework */ = {isa = PBXFileReference; explicitFileType = undefined; fileEncoding = 9; includeInIndex = 0; lastKnownFileType = wrapper.framework; name = CoreTelephony.framework; path = System/Library/Frameworks/CoreTelephony.framework; sourceTree = SDKROOT; };
		45919FABA980408DB44656B7 /* libGTMSessionFetcher_core.a */ = {isa = PBXFileReference; explicitFileType = undefined; fileEncoding = 9; includeInIndex = 0; lastKnownFileType = archive.ar; name = libGTMSessionFetcher_core.a; path = "Profify/Plugins/phonegap-plugin-push/GCM/Libraries/libGTMSessionFetcher_core.a"; sourceTree = "<group>"; };
		4638136DF18E4DC897069AF8 /* libGTM_UIFont+LineHeight.a */ = {isa = PBXFileReference; explicitFileType = undefined; fileEncoding = 9; includeInIndex = 0; lastKnownFileType = archive.ar; name = "libGTM_UIFont+LineHeight.a"; path = "Profify/Plugins/phonegap-plugin-push/GCM/Libraries/libGTM_UIFont+LineHeight.a"; sourceTree = "<group>"; };
		465CEBB40FDF4285AC98E988 /* sqlite3.c */ = {isa = PBXFileReference; explicitFileType = undefined; fileEncoding = 9; includeInIndex = 0; lastKnownFileType = unknown; name = sqlite3.c; path = "cordova-sqlite-storage/sqlite3.c"; sourceTree = "<group>"; };
		492F8DC6E1D7482C83C67E5D /* GGLErrorCode.h */ = {isa = PBXFileReference; explicitFileType = undefined; fileEncoding = 4; includeInIndex = 0; lastKnownFileType = sourcecode.c.h; name = GGLErrorCode.h; path = "phonegap-plugin-push/GCM/Headers/GGLErrorCode.h"; sourceTree = "<group>"; };
		4C0EF0B0678E4BED86DB99BE /* ELCAsset.m */ = {isa = PBXFileReference; explicitFileType = undefined; fileEncoding = 4; includeInIndex = 0; lastKnownFileType = sourcecode.c.objc; name = ELCAsset.m; path = "cordova-plugin-image-picker/ELCAsset.m"; sourceTree = "<group>"; };
		4D6A518DAE504284B31AB437 /* CDVViewController+SplashScreen.m */ = {isa = PBXFileReference; explicitFileType = undefined; fileEncoding = 4; includeInIndex = 0; lastKnownFileType = sourcecode.c.objc; name = "CDVViewController+SplashScreen.m"; path = "cordova-plugin-splashscreen/CDVViewController+SplashScreen.m"; sourceTree = "<group>"; };
		520BFE626EC34649BE2C3845 /* CoreVideo.framework */ = {isa = PBXFileReference; explicitFileType = undefined; fileEncoding = 9; includeInIndex = 0; lastKnownFileType = wrapper.framework; name = CoreVideo.framework; path = System/Library/Frameworks/CoreVideo.framework; sourceTree = SDKROOT; };
		52C259087E3B4986B22D1234 /* Overlay.png */ = {isa = PBXFileReference; explicitFileType = undefined; fileEncoding = 9; includeInIndex = 0; lastKnownFileType = unknown; path = Overlay.png; sourceTree = "<group>"; };
		55AF0E71E72F40BA9ED22B16 /* SocialSharing.h */ = {isa = PBXFileReference; explicitFileType = undefined; fileEncoding = 4; includeInIndex = 0; lastKnownFileType = sourcecode.c.h; name = SocialSharing.h; path = "cordova-plugin-x-socialsharing/SocialSharing.h"; sourceTree = "<group>"; };
		56C5DAED38904263AB84D478 /* Social.framework */ = {isa = PBXFileReference; explicitFileType = undefined; fileEncoding = 9; includeInIndex = 0; lastKnownFileType = wrapper.framework; name = Social.framework; path = System/Library/Frameworks/Social.framework; sourceTree = SDKROOT; };
		5B1F94261F54B67400327AD9 /* Profify.entitlements */ = {isa = PBXFileReference; lastKnownFileType = text.plist.entitlements; name = Profify.entitlements; path = Profify/Profify.entitlements; sourceTree = "<group>"; };
		5CE9C611B970421C811276E4 /* IonicKeyboard.m */ = {isa = PBXFileReference; explicitFileType = undefined; fileEncoding = 4; includeInIndex = 0; lastKnownFileType = sourcecode.c.objc; name = IonicKeyboard.m; path = "ionic-plugin-keyboard/IonicKeyboard.m"; sourceTree = "<group>"; };
		5DBBF01E95FA4DEDA9006AE1 /* CDVInAppBrowser.m */ = {isa = PBXFileReference; explicitFileType = undefined; fileEncoding = 4; includeInIndex = 0; lastKnownFileType = sourcecode.c.objc; name = CDVInAppBrowser.m; path = "cordova-plugin-inappbrowser/CDVInAppBrowser.m"; sourceTree = "<group>"; };
		607CEEA9293A4F23A93AFB19 /* CDVSplashScreen.m */ = {isa = PBXFileReference; explicitFileType = undefined; fileEncoding = 4; includeInIndex = 0; lastKnownFileType = sourcecode.c.objc; name = CDVSplashScreen.m; path = "cordova-plugin-splashscreen/CDVSplashScreen.m"; sourceTree = "<group>"; };
		61916578A57A4FF2B1F8E019 /* ELCImagePickerController.m */ = {isa = PBXFileReference; explicitFileType = undefined; fileEncoding = 4; includeInIndex = 0; lastKnownFileType = sourcecode.c.objc; name = ELCImagePickerController.m; path = "cordova-plugin-image-picker/ELCImagePickerController.m"; sourceTree = "<group>"; };
		63155108FD9345069F31BAA9 /* libiconv.dylib */ = {isa = PBXFileReference; explicitFileType = undefined; fileEncoding = 9; includeInIndex = 0; lastKnownFileType = "compiled.mach-o.dylib"; name = libiconv.dylib; path = usr/lib/libiconv.dylib; sourceTree = SDKROOT; };
		63F58FEB8F38495EAA748517 /* ELCAssetTablePicker.h */ = {isa = PBXFileReference; explicitFileType = undefined; fileEncoding = 4; includeInIndex = 0; lastKnownFileType = sourcecode.c.h; name = ELCAssetTablePicker.h; path = "cordova-plugin-image-picker/ELCAssetTablePicker.h"; sourceTree = "<group>"; };
		659C48F51845475A969405F6 /* PushPlugin.h */ = {isa = PBXFileReference; explicitFileType = undefined; fileEncoding = 4; includeInIndex = 0; lastKnownFileType = sourcecode.c.h; name = PushPlugin.h; path = "phonegap-plugin-push/PushPlugin.h"; sourceTree = "<group>"; };
		68CFFAEDB3DA41FD870B9953 /* SQLitePlugin.m */ = {isa = PBXFileReference; explicitFileType = undefined; fileEncoding = 4; includeInIndex = 0; lastKnownFileType = sourcecode.c.objc; name = SQLitePlugin.m; path = "cordova-sqlite-storage/SQLitePlugin.m"; sourceTree = "<group>"; };
		6AFF5BF81D6E424B00AB3073 /* CDVLaunchScreen.storyboard */ = {isa = PBXFileReference; fileEncoding = 4; lastKnownFileType = file.storyboard; name = CDVLaunchScreen.storyboard; path = Profify/CDVLaunchScreen.storyboard; sourceTree = SOURCE_ROOT; };
		6D2FA305EA794DC49D241C34 /* CDVClipboard.m */ = {isa = PBXFileReference; explicitFileType = undefined; fileEncoding = 4; includeInIndex = 0; lastKnownFileType = sourcecode.c.objc; name = CDVClipboard.m; path = com.verso.cordova.clipboard/CDVClipboard.m; sourceTree = "<group>"; };
		700CCB6F534640B2BE6CBF76 /* QuartzCore.framework */ = {isa = PBXFileReference; explicitFileType = undefined; fileEncoding = 9; includeInIndex = 0; lastKnownFileType = wrapper.framework; name = QuartzCore.framework; path = System/Library/Frameworks/QuartzCore.framework; sourceTree = SDKROOT; };
		71A6638A89B048BAAD7E3DFD /* MessageUI.framework */ = {isa = PBXFileReference; explicitFileType = undefined; fileEncoding = 9; includeInIndex = 0; lastKnownFileType = wrapper.framework; name = MessageUI.framework; path = System/Library/Frameworks/MessageUI.framework; sourceTree = SDKROOT; };
		73A854D40A104A24B185FA10 /* ELCAssetPickerFilterDelegate.h */ = {isa = PBXFileReference; explicitFileType = undefined; fileEncoding = 4; includeInIndex = 0; lastKnownFileType = sourcecode.c.h; name = ELCAssetPickerFilterDelegate.h; path = "cordova-plugin-image-picker/ELCAssetPickerFilterDelegate.h"; sourceTree = "<group>"; };
		779968BAFC1F4380906EF239 /* libz.tbd */ = {isa = PBXFileReference; explicitFileType = undefined; fileEncoding = 9; includeInIndex = 0; lastKnownFileType = "sourcecode.text-based-dylib-definition"; name = libz.tbd; path = usr/lib/libz.tbd; sourceTree = SDKROOT; };
		7C4824D4A2E848AE912F7CFA /* ImageIO.framework */ = {isa = PBXFileReference; explicitFileType = undefined; fileEncoding = 9; includeInIndex = 0; lastKnownFileType = wrapper.framework; name = ImageIO.framework; path = System/Library/Frameworks/ImageIO.framework; sourceTree = SDKROOT; };
		7E205C4056C241DAADCB33F1 /* libProtocolBuffers.a */ = {isa = PBXFileReference; explicitFileType = undefined; fileEncoding = 9; includeInIndex = 0; lastKnownFileType = archive.ar; name = libProtocolBuffers.a; path = "Profify/Plugins/phonegap-plugin-push/GCM/Libraries/libProtocolBuffers.a"; sourceTree = "<group>"; };
		80A598F66CD749CC8C659CA5 /* CoreLocation.framework */ = {isa = PBXFileReference; explicitFileType = undefined; fileEncoding = 9; includeInIndex = 0; lastKnownFileType = wrapper.framework; name = CoreLocation.framework; path = System/Library/Frameworks/CoreLocation.framework; sourceTree = SDKROOT; };
		8191FA51B74B4E99B0400F0F /* libGTM_AddressBook.a */ = {isa = PBXFileReference; explicitFileType = undefined; fileEncoding = 9; includeInIndex = 0; lastKnownFileType = archive.ar; name = libGTM_AddressBook.a; path = "Profify/Plugins/phonegap-plugin-push/GCM/Libraries/libGTM_AddressBook.a"; sourceTree = "<group>"; };
		81C2AD3979EC4E46ACD28AE5 /* ELCAssetCell.h */ = {isa = PBXFileReference; explicitFileType = undefined; fileEncoding = 4; includeInIndex = 0; lastKnownFileType = sourcecode.c.h; name = ELCAssetCell.h; path = "cordova-plugin-image-picker/ELCAssetCell.h"; sourceTree = "<group>"; };
		84C36CBD67C743CCA8FEAF74 /* CDVFileTransfer.h */ = {isa = PBXFileReference; explicitFileType = undefined; fileEncoding = 4; includeInIndex = 0; lastKnownFileType = sourcecode.c.h; name = CDVFileTransfer.h; path = "cordova-plugin-file-transfer/CDVFileTransfer.h"; sourceTree = "<group>"; };
		85B6E4EAD389424D984EB220 /* libGTM_Regex.a */ = {isa = PBXFileReference; explicitFileType = undefined; fileEncoding = 9; includeInIndex = 0; lastKnownFileType = archive.ar; name = libGTM_Regex.a; path = "Profify/Plugins/phonegap-plugin-push/GCM/Libraries/libGTM_Regex.a"; sourceTree = "<group>"; };
		875ED25C8F804220829C24DC /* libGGLCloudMessaging.a */ = {isa = PBXFileReference; explicitFileType = undefined; fileEncoding = 9; includeInIndex = 0; lastKnownFileType = archive.ar; name = libGGLCloudMessaging.a; path = "Profify/Plugins/phonegap-plugin-push/GCM/Libraries/libGGLCloudMessaging.a"; sourceTree = "<group>"; };
		882AE45FB21447B8A4EB0FB8 /* libsqlite3.tbd */ = {isa = PBXFileReference; explicitFileType = undefined; fileEncoding = 9; includeInIndex = 0; lastKnownFileType = "sourcecode.text-based-dylib-definition"; name = libsqlite3.tbd; path = usr/lib/libsqlite3.tbd; sourceTree = SDKROOT; };
		8AB412F796314DB7B050355D /* libGTM_NSDictionary+URLArguments.a */ = {isa = PBXFileReference; explicitFileType = undefined; fileEncoding = 9; includeInIndex = 0; lastKnownFileType = archive.ar; name = "libGTM_NSDictionary+URLArguments.a"; path = "Profify/Plugins/phonegap-plugin-push/GCM/Libraries/libGTM_NSDictionary+URLArguments.a"; sourceTree = "<group>"; };
		8BE26F7D4C6844B8BA8F199D /* CDVInAppBrowser.h */ = {isa = PBXFileReference; explicitFileType = undefined; fileEncoding = 4; includeInIndex = 0; lastKnownFileType = sourcecode.c.h; name = CDVInAppBrowser.h; path = "cordova-plugin-inappbrowser/CDVInAppBrowser.h"; sourceTree = "<group>"; };
		8D1107310486CEB800E47090 /* Profify-Info.plist */ = {isa = PBXFileReference; fileEncoding = 4; lastKnownFileType = text.plist.xml; name = "Profify-Info.plist"; path = "Profify/Profify-Info.plist"; plistStructureDefinitionIdentifier = "com.apple.xcode.plist.structure-definition.iphone.info-plist"; sourceTree = SOURCE_ROOT; };
		8E2021A3FBA0441098267646 /* CDVJpegHeaderWriter.m */ = {isa = PBXFileReference; explicitFileType = undefined; fileEncoding = 4; includeInIndex = 0; lastKnownFileType = sourcecode.c.objc; name = CDVJpegHeaderWriter.m; path = "cordova-plugin-camera/CDVJpegHeaderWriter.m"; sourceTree = "<group>"; };
		91034740EE99464C86020025 /* CloudMessaging.h */ = {isa = PBXFileReference; explicitFileType = undefined; fileEncoding = 4; includeInIndex = 0; lastKnownFileType = sourcecode.c.h; name = CloudMessaging.h; path = "phonegap-plugin-push/GCM/Headers/CloudMessaging.h"; sourceTree = "<group>"; };
		91A245E5A5DE4447AFC56F5C /* libGSDK_Overload.a */ = {isa = PBXFileReference; explicitFileType = undefined; fileEncoding = 9; includeInIndex = 0; lastKnownFileType = archive.ar; name = libGSDK_Overload.a; path = "Profify/Plugins/phonegap-plugin-push/GCM/Libraries/libGSDK_Overload.a"; sourceTree = "<group>"; };
		9256BE9055AB489CBDE034D5 /* CDVJpegHeaderWriter.h */ = {isa = PBXFileReference; explicitFileType = undefined; fileEncoding = 4; includeInIndex = 0; lastKnownFileType = sourcecode.c.h; name = CDVJpegHeaderWriter.h; path = "cordova-plugin-camera/CDVJpegHeaderWriter.h"; sourceTree = "<group>"; };
		92F748751D0C4ADEBA28CF07 /* Overlay@2x.png */ = {isa = PBXFileReference; explicitFileType = undefined; fileEncoding = 9; includeInIndex = 0; lastKnownFileType = unknown; path = "Overlay@2x.png"; sourceTree = "<group>"; };
		95AA5A2F5C9141109F078300 /* ELCAssetCell.m */ = {isa = PBXFileReference; explicitFileType = undefined; fileEncoding = 4; includeInIndex = 0; lastKnownFileType = sourcecode.c.objc; name = ELCAssetCell.m; path = "cordova-plugin-image-picker/ELCAssetCell.m"; sourceTree = "<group>"; };
		96B685B462884DA781B9991D /* libGTM_RoundedRectPath.a */ = {isa = PBXFileReference; explicitFileType = undefined; fileEncoding = 9; includeInIndex = 0; lastKnownFileType = archive.ar; name = libGTM_RoundedRectPath.a; path = "Profify/Plugins/phonegap-plugin-push/GCM/Libraries/libGTM_RoundedRectPath.a"; sourceTree = "<group>"; };
		97337D61ED764288800FE416 /* libGTM_NSData+zlib.a */ = {isa = PBXFileReference; explicitFileType = undefined; fileEncoding = 9; includeInIndex = 0; lastKnownFileType = archive.ar; name = "libGTM_NSData+zlib.a"; path = "Profify/Plugins/phonegap-plugin-push/GCM/Libraries/libGTM_NSData+zlib.a"; sourceTree = "<group>"; };
		97F4DDBE4A8E464DA794FE38 /* GCMPubSub.h */ = {isa = PBXFileReference; explicitFileType = undefined; fileEncoding = 4; includeInIndex = 0; lastKnownFileType = sourcecode.c.h; name = GCMPubSub.h; path = "phonegap-plugin-push/GCM/Headers/GCMPubSub.h"; sourceTree = "<group>"; };
		98D2B05E185746B187745198 /* CDVAssetLibraryFilesystem.h */ = {isa = PBXFileReference; explicitFileType = undefined; fileEncoding = 4; includeInIndex = 0; lastKnownFileType = sourcecode.c.h; name = CDVAssetLibraryFilesystem.h; path = "cordova-plugin-file/CDVAssetLibraryFilesystem.h"; sourceTree = "<group>"; };
		99AC797EF18B49E7B7C9457C /* CDVCamera.h */ = {isa = PBXFileReference; explicitFileType = undefined; fileEncoding = 4; includeInIndex = 0; lastKnownFileType = sourcecode.c.h; name = CDVCamera.h; path = "cordova-plugin-camera/CDVCamera.h"; sourceTree = "<group>"; };
		9A5C1C1B0D28425B8F156B6B /* CDVFile.m */ = {isa = PBXFileReference; explicitFileType = undefined; fileEncoding = 4; includeInIndex = 0; lastKnownFileType = sourcecode.c.objc; name = CDVFile.m; path = "cordova-plugin-file/CDVFile.m"; sourceTree = "<group>"; };
		9BD012004F2D4B6CBBA61468 /* CDVStatusBar.h */ = {isa = PBXFileReference; explicitFileType = undefined; fileEncoding = 4; includeInIndex = 0; lastKnownFileType = sourcecode.c.h; name = CDVStatusBar.h; path = "cordova-plugin-statusbar/CDVStatusBar.h"; sourceTree = "<group>"; };
		9C772083AB864F97BE781164 /* CDVSplashScreen.h */ = {isa = PBXFileReference; explicitFileType = undefined; fileEncoding = 4; includeInIndex = 0; lastKnownFileType = sourcecode.c.h; name = CDVSplashScreen.h; path = "cordova-plugin-splashscreen/CDVSplashScreen.h"; sourceTree = "<group>"; };
		9D0A7FEBC9604DDAA322FD04 /* GGLContext.h */ = {isa = PBXFileReference; explicitFileType = undefined; fileEncoding = 4; includeInIndex = 0; lastKnownFileType = sourcecode.c.h; name = GGLContext.h; path = "phonegap-plugin-push/GCM/Headers/GGLContext.h"; sourceTree = "<group>"; };
		A2A27F0282644C2AA9776AF5 /* AppDelegate+notification.m */ = {isa = PBXFileReference; explicitFileType = undefined; fileEncoding = 4; includeInIndex = 0; lastKnownFileType = sourcecode.c.objc; name = "AppDelegate+notification.m"; path = "phonegap-plugin-push/AppDelegate+notification.m"; sourceTree = "<group>"; };
		A3DA118EFF5A42C8ABF0E7F9 /* CDVLocation.h */ = {isa = PBXFileReference; explicitFileType = undefined; fileEncoding = 4; includeInIndex = 0; lastKnownFileType = sourcecode.c.h; name = CDVLocation.h; path = "cordova-plugin-geolocation/CDVLocation.h"; sourceTree = "<group>"; };
		A493FEEC8D4F4BC6A594609F /* UIImage+CropScaleOrientation.h */ = {isa = PBXFileReference; explicitFileType = undefined; fileEncoding = 4; includeInIndex = 0; lastKnownFileType = sourcecode.c.h; name = "UIImage+CropScaleOrientation.h"; path = "cordova-plugin-camera/UIImage+CropScaleOrientation.h"; sourceTree = "<group>"; };
		AA0D0105E398488E9DDAD51D /* libGTM_KVO.a */ = {isa = PBXFileReference; explicitFileType = undefined; fileEncoding = 9; includeInIndex = 0; lastKnownFileType = archive.ar; name = libGTM_KVO.a; path = "Profify/Plugins/phonegap-plugin-push/GCM/Libraries/libGTM_KVO.a"; sourceTree = "<group>"; };
		AF0931920524406BA553E91A /* GCMConfig.h */ = {isa = PBXFileReference; explicitFileType = undefined; fileEncoding = 4; includeInIndex = 0; lastKnownFileType = sourcecode.c.h; name = GCMConfig.h; path = "phonegap-plugin-push/GCM/Headers/GCMConfig.h"; sourceTree = "<group>"; };
		AFBA1272426A4208917EE343 /* libGIP_Reachability.a */ = {isa = PBXFileReference; explicitFileType = undefined; fileEncoding = 9; includeInIndex = 0; lastKnownFileType = archive.ar; name = libGIP_Reachability.a; path = "Profify/Plugins/phonegap-plugin-push/GCM/Libraries/libGIP_Reachability.a"; sourceTree = "<group>"; };
		B23B4E55A4594E588D0C6AE7 /* CDVDevice.m */ = {isa = PBXFileReference; explicitFileType = undefined; fileEncoding = 4; includeInIndex = 0; lastKnownFileType = sourcecode.c.objc; name = CDVDevice.m; path = "cordova-plugin-device/CDVDevice.m"; sourceTree = "<group>"; };
		B3C58EB1D17342B6883C219B /* NSString+URLEncoding.h */ = {isa = PBXFileReference; explicitFileType = undefined; fileEncoding = 4; includeInIndex = 0; lastKnownFileType = sourcecode.c.h; name = "NSString+URLEncoding.h"; path = "cordova-plugin-x-socialsharing/NSString+URLEncoding.h"; sourceTree = "<group>"; };
		B4BB1A13C3A647A6A3B18C4C /* libGTM_iPhone.a */ = {isa = PBXFileReference; explicitFileType = undefined; fileEncoding = 9; includeInIndex = 0; lastKnownFileType = archive.ar; name = libGTM_iPhone.a; path = "Profify/Plugins/phonegap-plugin-push/GCM/Libraries/libGTM_iPhone.a"; sourceTree = "<group>"; };
		B7400C3495FC4EB6AA96ADBD /* ELCAlbumPickerController.xib */ = {isa = PBXFileReference; explicitFileType = undefined; fileEncoding = 9; includeInIndex = 0; lastKnownFileType = file.xib; path = ELCAlbumPickerController.xib; sourceTree = "<group>"; };
		BC01E14C71FD401D89B147C8 /* ELCImagePickerController.h */ = {isa = PBXFileReference; explicitFileType = undefined; fileEncoding = 4; includeInIndex = 0; lastKnownFileType = sourcecode.c.h; name = ELCImagePickerController.h; path = "cordova-plugin-image-picker/ELCImagePickerController.h"; sourceTree = "<group>"; };
		BC10F44284D9453F988ED842 /* CDVAssetLibraryFilesystem.m */ = {isa = PBXFileReference; explicitFileType = undefined; fileEncoding = 4; includeInIndex = 0; lastKnownFileType = sourcecode.c.objc; name = CDVAssetLibraryFilesystem.m; path = "cordova-plugin-file/CDVAssetLibraryFilesystem.m"; sourceTree = "<group>"; };
		BC96891F64DD40D2A9B164F2 /* CDVConnection.h */ = {isa = PBXFileReference; explicitFileType = undefined; fileEncoding = 4; includeInIndex = 0; lastKnownFileType = sourcecode.c.h; name = CDVConnection.h; path = "cordova-plugin-network-information/CDVConnection.h"; sourceTree = "<group>"; };
		C1107A0E5A534711BD1DA5D8 /* AppDelegate+notification.h */ = {isa = PBXFileReference; explicitFileType = undefined; fileEncoding = 4; includeInIndex = 0; lastKnownFileType = sourcecode.c.h; name = "AppDelegate+notification.h"; path = "phonegap-plugin-push/AppDelegate+notification.h"; sourceTree = "<group>"; };
		C47B7C3202564C7AB9CC1273 /* ELCAlbumPickerController.m */ = {isa = PBXFileReference; explicitFileType = undefined; fileEncoding = 4; includeInIndex = 0; lastKnownFileType = sourcecode.c.objc; name = ELCAlbumPickerController.m; path = "cordova-plugin-image-picker/ELCAlbumPickerController.m"; sourceTree = "<group>"; };
		C5B7427C264D4CF9AD96A397 /* Core.h */ = {isa = PBXFileReference; explicitFileType = undefined; fileEncoding = 4; includeInIndex = 0; lastKnownFileType = sourcecode.c.h; name = Core.h; path = "phonegap-plugin-push/GCM/Headers/Core.h"; sourceTree = "<group>"; };
		C6EA8144AAB6453FAAE90A12 /* GGLInstanceIDDelegate.h */ = {isa = PBXFileReference; explicitFileType = undefined; fileEncoding = 4; includeInIndex = 0; lastKnownFileType = sourcecode.c.h; name = GGLInstanceIDDelegate.h; path = "phonegap-plugin-push/GCM/Headers/GGLInstanceIDDelegate.h"; sourceTree = "<group>"; };
		C8473B9A812A496EA131E9B6 /* libGTMStackTrace.a */ = {isa = PBXFileReference; explicitFileType = undefined; fileEncoding = 9; includeInIndex = 0; lastKnownFileType = archive.ar; name = libGTMStackTrace.a; path = "Profify/Plugins/phonegap-plugin-push/GCM/Libraries/libGTMStackTrace.a"; sourceTree = "<group>"; };
		CCAA33ED899B4368985DD2A0 /* PushPlugin.m */ = {isa = PBXFileReference; explicitFileType = undefined; fileEncoding = 4; includeInIndex = 0; lastKnownFileType = sourcecode.c.objc; name = PushPlugin.m; path = "phonegap-plugin-push/PushPlugin.m"; sourceTree = "<group>"; };
		CD2D1C8AA30E409C8CA060E0 /* libGcmLib.a */ = {isa = PBXFileReference; explicitFileType = undefined; fileEncoding = 9; includeInIndex = 0; lastKnownFileType = archive.ar; name = libGcmLib.a; path = "Profify/Plugins/phonegap-plugin-push/GCM/Libraries/libGcmLib.a"; sourceTree = "<group>"; };
		CD4E724948BC45A4B95F121B /* SQLitePlugin.h */ = {isa = PBXFileReference; explicitFileType = undefined; fileEncoding = 4; includeInIndex = 0; lastKnownFileType = sourcecode.c.h; name = SQLitePlugin.h; path = "cordova-sqlite-storage/SQLitePlugin.h"; sourceTree = "<group>"; };
		D420DB6D8B854D178B5DF329 /* CDVStatusBar.m */ = {isa = PBXFileReference; explicitFileType = undefined; fileEncoding = 4; includeInIndex = 0; lastKnownFileType = sourcecode.c.objc; name = CDVStatusBar.m; path = "cordova-plugin-statusbar/CDVStatusBar.m"; sourceTree = "<group>"; };
		D67B9F0153524516AE4FB92C /* GGLContext+CloudMessaging.h */ = {isa = PBXFileReference; explicitFileType = undefined; fileEncoding = 4; includeInIndex = 0; lastKnownFileType = sourcecode.c.h; name = "GGLContext+CloudMessaging.h"; path = "phonegap-plugin-push/GCM/Headers/GGLContext+CloudMessaging.h"; sourceTree = "<group>"; };
		D6CADE69FEE74C46A4ECC17C /* ELCAsset.h */ = {isa = PBXFileReference; explicitFileType = undefined; fileEncoding = 4; includeInIndex = 0; lastKnownFileType = sourcecode.c.h; name = ELCAsset.h; path = "cordova-plugin-image-picker/ELCAsset.h"; sourceTree = "<group>"; };
		D9DD64F360284296BFF7D019 /* GoogleCloudMessaging.h */ = {isa = PBXFileReference; explicitFileType = undefined; fileEncoding = 4; includeInIndex = 0; lastKnownFileType = sourcecode.c.h; name = GoogleCloudMessaging.h; path = "phonegap-plugin-push/GCM/Headers/GoogleCloudMessaging.h"; sourceTree = "<group>"; };
		DA0E74B3961948A986AEEF02 /* AVFoundation.framework */ = {isa = PBXFileReference; explicitFileType = undefined; fileEncoding = 9; includeInIndex = 0; lastKnownFileType = wrapper.framework; name = AVFoundation.framework; path = System/Library/Frameworks/AVFoundation.framework; sourceTree = SDKROOT; };
		DC04364D25AF4A10856212CA /* CDVLocalFilesystem.m */ = {isa = PBXFileReference; explicitFileType = undefined; fileEncoding = 4; includeInIndex = 0; lastKnownFileType = sourcecode.c.objc; name = CDVLocalFilesystem.m; path = "cordova-plugin-file/CDVLocalFilesystem.m"; sourceTree = "<group>"; };
		E1736BECEB434263927269AA /* ELCAssetTablePicker.xib */ = {isa = PBXFileReference; explicitFileType = undefined; fileEncoding = 9; includeInIndex = 0; lastKnownFileType = file.xib; path = ELCAssetTablePicker.xib; sourceTree = "<group>"; };
		E18663E0163C4F0A9A5D21D6 /* NSString+URLEncoding.m */ = {isa = PBXFileReference; explicitFileType = undefined; fileEncoding = 4; includeInIndex = 0; lastKnownFileType = sourcecode.c.objc; name = "NSString+URLEncoding.m"; path = "cordova-plugin-x-socialsharing/NSString+URLEncoding.m"; sourceTree = "<group>"; };
		E22DC2E1F9544CAA9D34234E /* SOSPicker.m */ = {isa = PBXFileReference; explicitFileType = undefined; fileEncoding = 4; includeInIndex = 0; lastKnownFileType = sourcecode.c.objc; name = SOSPicker.m; path = "cordova-plugin-image-picker/SOSPicker.m"; sourceTree = "<group>"; };
		E4380185EA9740AB91FFE85A /* CDVInstagramPlugin.h */ = {isa = PBXFileReference; explicitFileType = undefined; fileEncoding = 4; includeInIndex = 0; lastKnownFileType = sourcecode.c.h; name = CDVInstagramPlugin.h; path = "cordova-instagram-plugin/CDVInstagramPlugin/CDVInstagramPlugin.h"; sourceTree = "<group>"; };
		E585ABA75BB54FBFA3DAADEB /* scannerOverlay.xib */ = {isa = PBXFileReference; explicitFileType = undefined; fileEncoding = 9; includeInIndex = 0; lastKnownFileType = file.xib; path = scannerOverlay.xib; sourceTree = "<group>"; };
		E76DF5596DCF4C13A2FF61CA /* CDVBarcodeScanner.bundle */ = {isa = PBXFileReference; explicitFileType = undefined; fileEncoding = 9; includeInIndex = 0; lastKnownFileType = "wrapper.plug-in"; path = CDVBarcodeScanner.bundle; sourceTree = "<group>"; };
		E846D95530664F6C8AC3F451 /* libGTMSessionFetcher_full.a */ = {isa = PBXFileReference; explicitFileType = undefined; fileEncoding = 9; includeInIndex = 0; lastKnownFileType = archive.ar; name = libGTMSessionFetcher_full.a; path = "Profify/Plugins/phonegap-plugin-push/GCM/Libraries/libGTMSessionFetcher_full.a"; sourceTree = "<group>"; };
		EA9DD093BDC144A3AA522E55 /* SOSPicker.h */ = {isa = PBXFileReference; explicitFileType = undefined; fileEncoding = 4; includeInIndex = 0; lastKnownFileType = sourcecode.c.h; name = SOSPicker.h; path = "cordova-plugin-image-picker/SOSPicker.h"; sourceTree = "<group>"; };
		EABD9BE62F7D4AD18F82BAEF /* CDVGlobalization.m */ = {isa = PBXFileReference; explicitFileType = undefined; fileEncoding = 4; includeInIndex = 0; lastKnownFileType = sourcecode.c.objc; name = CDVGlobalization.m; path = "cordova-plugin-globalization/CDVGlobalization.m"; sourceTree = "<group>"; };
		EB87FDF31871DA8E0020F90C /* www */ = {isa = PBXFileReference; lastKnownFileType = folder; name = www; path = ../../www; sourceTree = "<group>"; };
		EB87FDF41871DAF40020F90C /* config.xml */ = {isa = PBXFileReference; lastKnownFileType = text.xml; name = config.xml; path = ../../config.xml; sourceTree = "<group>"; };
		ED33DF2A687741AEAF9F8254 /* Bridging-Header.h */ = {isa = PBXFileReference; fileEncoding = 4; lastKnownFileType = sourcecode.c.h; path = "Bridging-Header.h"; sourceTree = "<group>"; };
		ED693460288B4FDF952E4718 /* GGLConfiguration.h */ = {isa = PBXFileReference; explicitFileType = undefined; fileEncoding = 4; includeInIndex = 0; lastKnownFileType = sourcecode.c.h; name = GGLConfiguration.h; path = "phonegap-plugin-push/GCM/Headers/GGLConfiguration.h"; sourceTree = "<group>"; };
		EF37DD2E44DB4255860C98EC /* ELCAssetPicker.xib */ = {isa = PBXFileReference; explicitFileType = undefined; fileEncoding = 9; includeInIndex = 0; lastKnownFileType = file.xib; path = ELCAssetPicker.xib; sourceTree = "<group>"; };
		F0E6AE8C235A403097164F20 /* libGTM_DebugUtils.a */ = {isa = PBXFileReference; explicitFileType = undefined; fileEncoding = 9; includeInIndex = 0; lastKnownFileType = archive.ar; name = libGTM_DebugUtils.a; path = "Profify/Plugins/phonegap-plugin-push/GCM/Libraries/libGTM_DebugUtils.a"; sourceTree = "<group>"; };
		F2709DE0DBDA4D3EB6703DD3 /* CDVGlobalization.h */ = {isa = PBXFileReference; explicitFileType = undefined; fileEncoding = 4; includeInIndex = 0; lastKnownFileType = sourcecode.c.h; name = CDVGlobalization.h; path = "cordova-plugin-globalization/CDVGlobalization.h"; sourceTree = "<group>"; };
		F3CFFDA1D66542F6809DF6DD /* libGGLInstanceIDLib.a */ = {isa = PBXFileReference; explicitFileType = undefined; fileEncoding = 9; includeInIndex = 0; lastKnownFileType = archive.ar; name = libGGLInstanceIDLib.a; path = "Profify/Plugins/phonegap-plugin-push/GCM/Libraries/libGGLInstanceIDLib.a"; sourceTree = "<group>"; };
		F4DF240D7DBA401F9684F26E /* CDVConnection.m */ = {isa = PBXFileReference; explicitFileType = undefined; fileEncoding = 4; includeInIndex = 0; lastKnownFileType = sourcecode.c.objc; name = CDVConnection.m; path = "cordova-plugin-network-information/CDVConnection.m"; sourceTree = "<group>"; };
		F6B9F22FAEE64ED99DE77F43 /* CDVBarcodeScanner.mm */ = {isa = PBXFileReference; explicitFileType = undefined; fileEncoding = 9; includeInIndex = 0; lastKnownFileType = unknown; name = CDVBarcodeScanner.mm; path = "phonegap-plugin-barcodescanner/CDVBarcodeScanner.mm"; sourceTree = "<group>"; };
		F6BDA384DAE24A7FB8DBCC7C /* libGTM_NSScannerJSON.a */ = {isa = PBXFileReference; explicitFileType = undefined; fileEncoding = 9; includeInIndex = 0; lastKnownFileType = archive.ar; name = libGTM_NSScannerJSON.a; path = "Profify/Plugins/phonegap-plugin-push/GCM/Libraries/libGTM_NSScannerJSON.a"; sourceTree = "<group>"; };
		F7CE424630C942E9A8913CDF /* zxing-all-in-one.h */ = {isa = PBXFileReference; explicitFileType = undefined; fileEncoding = 4; includeInIndex = 0; lastKnownFileType = sourcecode.c.h; name = "zxing-all-in-one.h"; path = "phonegap-plugin-barcodescanner/zxing-all-in-one.h"; sourceTree = "<group>"; };
		F840E1F0165FE0F500CFE078 /* config.xml */ = {isa = PBXFileReference; lastKnownFileType = text.xml; name = config.xml; path = Profify/config.xml; sourceTree = "<group>"; };
		F9AD9F06EE5149849C4DEE30 /* CDVInstagramPlugin.m */ = {isa = PBXFileReference; explicitFileType = undefined; fileEncoding = 4; includeInIndex = 0; lastKnownFileType = sourcecode.c.objc; name = CDVInstagramPlugin.m; path = "cordova-instagram-plugin/CDVInstagramPlugin/CDVInstagramPlugin.m"; sourceTree = "<group>"; };
		FC0F836183CF4C248A5EC5C8 /* CDVReachability.m */ = {isa = PBXFileReference; explicitFileType = undefined; fileEncoding = 4; includeInIndex = 0; lastKnownFileType = sourcecode.c.objc; name = CDVReachability.m; path = "cordova-plugin-network-information/CDVReachability.m"; sourceTree = "<group>"; };
		FC41B632C66942CC9B77817B /* ELCAlbumPickerController.h */ = {isa = PBXFileReference; explicitFileType = undefined; fileEncoding = 4; includeInIndex = 0; lastKnownFileType = sourcecode.c.h; name = ELCAlbumPickerController.h; path = "cordova-plugin-image-picker/ELCAlbumPickerController.h"; sourceTree = "<group>"; };
		FD08223B4D794790AF85692D /* CDVViewController+SplashScreen.h */ = {isa = PBXFileReference; explicitFileType = undefined; fileEncoding = 4; includeInIndex = 0; lastKnownFileType = sourcecode.c.h; name = "CDVViewController+SplashScreen.h"; path = "cordova-plugin-splashscreen/CDVViewController+SplashScreen.h"; sourceTree = "<group>"; };
		FDB70DC71CA44A939FCDE3BD /* CDVLogger.h */ = {isa = PBXFileReference; explicitFileType = undefined; fileEncoding = 4; includeInIndex = 0; lastKnownFileType = sourcecode.c.h; name = CDVLogger.h; path = "cordova-plugin-console/CDVLogger.h"; sourceTree = "<group>"; };
		E1D0039B3AE74BF38027A5CB /* FetchPlugin.m */ = {isa = PBXFileReference; name = "FetchPlugin.m"; path = "cordova-plugin-fetch/FetchPlugin.m"; sourceTree = "<group>"; fileEncoding = 4; lastKnownFileType = sourcecode.c.objc; explicitFileType = undefined; includeInIndex = 0; };
		C83E216D95ED49E5BD8E1372 /* BaseClient.m */ = {isa = PBXFileReference; name = "BaseClient.m"; path = "cordova-plugin-fetch/BaseClient.m"; sourceTree = "<group>"; fileEncoding = 4; lastKnownFileType = sourcecode.c.objc; explicitFileType = undefined; includeInIndex = 0; };
		7501B0A44A5546EFAA543878 /* AFHTTPSessionManager.m */ = {isa = PBXFileReference; name = "AFHTTPSessionManager.m"; path = "cordova-plugin-fetch/AFHTTPSessionManager.m"; sourceTree = "<group>"; fileEncoding = 4; lastKnownFileType = sourcecode.c.objc; explicitFileType = undefined; includeInIndex = 0; };
		9CF93D90E656496EA1B0203A /* AFNetworkReachabilityManager.m */ = {isa = PBXFileReference; name = "AFNetworkReachabilityManager.m"; path = "cordova-plugin-fetch/AFNetworkReachabilityManager.m"; sourceTree = "<group>"; fileEncoding = 4; lastKnownFileType = sourcecode.c.objc; explicitFileType = undefined; includeInIndex = 0; };
		04F947E3D2E6469791F31352 /* AFSecurityPolicy.m */ = {isa = PBXFileReference; name = "AFSecurityPolicy.m"; path = "cordova-plugin-fetch/AFSecurityPolicy.m"; sourceTree = "<group>"; fileEncoding = 4; lastKnownFileType = sourcecode.c.objc; explicitFileType = undefined; includeInIndex = 0; };
		B510772944534A339F8DBFCA /* AFURLRequestSerialization.m */ = {isa = PBXFileReference; name = "AFURLRequestSerialization.m"; path = "cordova-plugin-fetch/AFURLRequestSerialization.m"; sourceTree = "<group>"; fileEncoding = 4; lastKnownFileType = sourcecode.c.objc; explicitFileType = undefined; includeInIndex = 0; };
		2C413E86E75E4718B258FB79 /* AFURLResponseSerialization.m */ = {isa = PBXFileReference; name = "AFURLResponseSerialization.m"; path = "cordova-plugin-fetch/AFURLResponseSerialization.m"; sourceTree = "<group>"; fileEncoding = 4; lastKnownFileType = sourcecode.c.objc; explicitFileType = undefined; includeInIndex = 0; };
		400466AA2562410F963DF1C4 /* AFURLSessionManager.m */ = {isa = PBXFileReference; name = "AFURLSessionManager.m"; path = "cordova-plugin-fetch/AFURLSessionManager.m"; sourceTree = "<group>"; fileEncoding = 4; lastKnownFileType = sourcecode.c.objc; explicitFileType = undefined; includeInIndex = 0; };
		6199C7ED913A4543A43C1102 /* AFNetworkActivityLogger.m */ = {isa = PBXFileReference; name = "AFNetworkActivityLogger.m"; path = "cordova-plugin-fetch/AFNetworkActivityLogger.m"; sourceTree = "<group>"; fileEncoding = 4; lastKnownFileType = sourcecode.c.objc; explicitFileType = undefined; includeInIndex = 0; };
		B96FAFF3A52C4813994631B8 /* FetchPlugin.h */ = {isa = PBXFileReference; name = "FetchPlugin.h"; path = "cordova-plugin-fetch/FetchPlugin.h"; sourceTree = "<group>"; fileEncoding = 4; lastKnownFileType = sourcecode.c.h; explicitFileType = undefined; includeInIndex = 0; };
		91B830EBE9084B06AEB96D4B /* BaseClient.h */ = {isa = PBXFileReference; name = "BaseClient.h"; path = "cordova-plugin-fetch/BaseClient.h"; sourceTree = "<group>"; fileEncoding = 4; lastKnownFileType = sourcecode.c.h; explicitFileType = undefined; includeInIndex = 0; };
		08D1A5672CA442558A563664 /* AFHTTPSessionManager.h */ = {isa = PBXFileReference; name = "AFHTTPSessionManager.h"; path = "cordova-plugin-fetch/AFHTTPSessionManager.h"; sourceTree = "<group>"; fileEncoding = 4; lastKnownFileType = sourcecode.c.h; explicitFileType = undefined; includeInIndex = 0; };
		C895A2C58B2A4500ABCB7FD3 /* AFNetworking.h */ = {isa = PBXFileReference; name = "AFNetworking.h"; path = "cordova-plugin-fetch/AFNetworking.h"; sourceTree = "<group>"; fileEncoding = 4; lastKnownFileType = sourcecode.c.h; explicitFileType = undefined; includeInIndex = 0; };
		D2414D4A86064AA89061F61E /* AFNetworkReachabilityManager.h */ = {isa = PBXFileReference; name = "AFNetworkReachabilityManager.h"; path = "cordova-plugin-fetch/AFNetworkReachabilityManager.h"; sourceTree = "<group>"; fileEncoding = 4; lastKnownFileType = sourcecode.c.h; explicitFileType = undefined; includeInIndex = 0; };
		8065A063477549ED95D4A4F6 /* AFSecurityPolicy.h */ = {isa = PBXFileReference; name = "AFSecurityPolicy.h"; path = "cordova-plugin-fetch/AFSecurityPolicy.h"; sourceTree = "<group>"; fileEncoding = 4; lastKnownFileType = sourcecode.c.h; explicitFileType = undefined; includeInIndex = 0; };
		26DF63E33CE44FC0A6A147B2 /* AFURLRequestSerialization.h */ = {isa = PBXFileReference; name = "AFURLRequestSerialization.h"; path = "cordova-plugin-fetch/AFURLRequestSerialization.h"; sourceTree = "<group>"; fileEncoding = 4; lastKnownFileType = sourcecode.c.h; explicitFileType = undefined; includeInIndex = 0; };
		53E18B094E1F4C739A864706 /* AFURLResponseSerialization.h */ = {isa = PBXFileReference; name = "AFURLResponseSerialization.h"; path = "cordova-plugin-fetch/AFURLResponseSerialization.h"; sourceTree = "<group>"; fileEncoding = 4; lastKnownFileType = sourcecode.c.h; explicitFileType = undefined; includeInIndex = 0; };
		7A20F36586C14A3D86540EBE /* AFURLSessionManager.h */ = {isa = PBXFileReference; name = "AFURLSessionManager.h"; path = "cordova-plugin-fetch/AFURLSessionManager.h"; sourceTree = "<group>"; fileEncoding = 4; lastKnownFileType = sourcecode.c.h; explicitFileType = undefined; includeInIndex = 0; };
		DF3CE531BA1641CDA68719C0 /* AFNetworkActivityLogger.h */ = {isa = PBXFileReference; name = "AFNetworkActivityLogger.h"; path = "cordova-plugin-fetch/AFNetworkActivityLogger.h"; sourceTree = "<group>"; fileEncoding = 4; lastKnownFileType = sourcecode.c.h; explicitFileType = undefined; includeInIndex = 0; };
		A565F561CC94430291C7F974 /* Security.framework */ = {isa = PBXFileReference; name = "Security.framework"; path = "System/Library/Frameworks/Security.framework"; sourceTree = SDKROOT; fileEncoding = undefined; lastKnownFileType = wrapper.framework; explicitFileType = undefined; includeInIndex = 0; };
/* End PBXFileReference section */

/* Begin PBXFrameworksBuildPhase section */
		1D60588F0D05DD3D006BFB54 /* Frameworks */ = {
			isa = PBXFrameworksBuildPhase;
			buildActionMask = 2147483647;
			files = (
				301BF552109A68D80062928A /* libCordova.a in Frameworks */,
				F570BD3355EB49849FFF3554 /* ImageIO.framework in Frameworks */,
				378A0599F1F54A8094B119F6 /* CoreLocation.framework in Frameworks */,
				A57EB7B881AF4CF1931EAC90 /* AVFoundation.framework in Frameworks */,
				D8A3E9A5E11A4322A8E43EFF /* libz.tbd in Frameworks */,
				479ED8F6A7B54B7AA639A46C /* SystemConfiguration.framework in Frameworks */,
				A9D0E03278604C48AA6C4353 /* CoreTelephony.framework in Frameworks */,
				55588F14DCA2435B98BF869D /* Social.framework in Frameworks */,
				C301C43AFC1B4FAB89CB283B /* MessageUI.framework in Frameworks */,
				1E4038AA1EFE4B058230BAD1 /* libiconv.dylib in Frameworks */,
				50494FEF9F75488BAF4F2002 /* CoreVideo.framework in Frameworks */,
				A34F53575CE245EC9FF4E850 /* QuartzCore.framework in Frameworks */,
				1340B00B385E44CA82BA273E /* CoreImage.framework in Frameworks */,
				F94C00F46EEF4BE5A2BD7049 /* AudioToolbox.framework in Frameworks */,
				83FF0C4B6DF54C0992BE5C9D /* libGGLCloudMessaging.a in Frameworks */,
				7562FDAE7C674B2DB06B5067 /* libGGLCore.a in Frameworks */,
				765C6E0EDB2A4B3CB36741C4 /* libGGLInstanceIDLib.a in Frameworks */,
				9EE2D572B8BB4893B03552F0 /* libGIP_Reachability.a in Frameworks */,
				9EE37788A2724ABC8CAF6756 /* libGSDK_Overload.a in Frameworks */,
				EB8AEBA855B345388FA8F95B /* libGTMSessionFetcher_core.a in Frameworks */,
				37474FD194CB450D945B56F2 /* libGTMSessionFetcher_full.a in Frameworks */,
				AD8B36611228429B888F6605 /* libGTMStackTrace.a in Frameworks */,
				8A199D6FF0A246FD90C51368 /* libGTM_AddressBook.a in Frameworks */,
				DD4AE644E52F443CB4F38246 /* libGTM_DebugUtils.a in Frameworks */,
				5A736F4FB97F46EF8E2F6563 /* libGTM_GTMURLBuilder.a in Frameworks */,
				BF14AAEF891B49E29B486834 /* libGTM_KVO.a in Frameworks */,
				D155EC91D4544EF6B9D645A9 /* libGTM_NSData+zlib.a in Frameworks */,
				0A7EA75544E746A5887ACB54 /* libGTM_NSDictionary+URLArguments.a in Frameworks */,
				FC30CB6363674C3CBD5BA877 /* libGTM_NSScannerJSON.a in Frameworks */,
				EB729309DADC43C7B7229358 /* libGTM_NSStringHTML.a in Frameworks */,
				7EFD76FDAC5241EF97053073 /* libGTM_NSStringXML.a in Frameworks */,
				90BE314CA9194B8AB27C068D /* libGTM_Regex.a in Frameworks */,
				ED52294BA11F40BBB0B55895 /* libGTM_RoundedRectPath.a in Frameworks */,
				EF8F7D0C2B77461BAB7EB7ED /* libGTM_StringEncoding.a in Frameworks */,
				6D9F44BA9CF448778CCF49F2 /* libGTM_SystemVersion.a in Frameworks */,
				CA595F38C3AF4F6CA63FC5BB /* libGTM_UIFont+LineHeight.a in Frameworks */,
				BDE08A8C644D4421805C7291 /* libGTM_core.a in Frameworks */,
				11E8042AA9884FE18D9030DE /* libGTM_iPhone.a in Frameworks */,
				04DEF0FE0CE84CF99EA6E758 /* libGcmLib.a in Frameworks */,
				17050B1705BD463290555DB6 /* libProtocolBuffers.a in Frameworks */,
				AAE20999DFB34BB3AC0E2C7B /* AddressBook.framework in Frameworks */,
				5ECC9BD7C0444774A149465A /* libsqlite3.tbd in Frameworks */,
				6E752824979D4791B29CF7B1 /* Security.framework in Frameworks */,
			);
			runOnlyForDeploymentPostprocessing = 0;
		};
/* End PBXFrameworksBuildPhase section */

/* Begin PBXGroup section */
		080E96DDFE201D6D7F000001 /* Classes */ = {
			isa = PBXGroup;
			children = (
				302D95EE14D2391D003F00A1 /* MainViewController.h */,
				302D95EF14D2391D003F00A1 /* MainViewController.m */,
				302D95F014D2391D003F00A1 /* MainViewController.xib */,
				1D3623240D0F684500981E51 /* AppDelegate.h */,
				1D3623250D0F684500981E51 /* AppDelegate.m */,
			);
			name = Classes;
			path = Profify/Classes;
			sourceTree = SOURCE_ROOT;
		};
		19C28FACFE9D520D11CA2CBB /* Products */ = {
			isa = PBXGroup;
			children = (
				1D6058910D05DD3D006BFB54 /* Profify.app */,
			);
			name = Products;
			sourceTree = "<group>";
		};
		29B97314FDCFA39411CA2CEA /* CustomTemplate */ = {
			isa = PBXGroup;
			children = (
				5B1F94261F54B67400327AD9 /* Profify.entitlements */,
				EB87FDF41871DAF40020F90C /* config.xml */,
				EB87FDF31871DA8E0020F90C /* www */,
				EB87FDF11871DA420020F90C /* Staging */,
				301BF52D109A57CC0062928A /* CordovaLib/CordovaLib.xcodeproj */,
				080E96DDFE201D6D7F000001 /* Classes */,
				307C750510C5A3420062BCA9 /* Plugins */,
				29B97315FDCFA39411CA2CEA /* Other Sources */,
				29B97317FDCFA39411CA2CEA /* Resources */,
				29B97323FDCFA39411CA2CEA /* Frameworks */,
				19C28FACFE9D520D11CA2CBB /* Products */,
			);
			name = CustomTemplate;
			sourceTree = "<group>";
		};
		29B97315FDCFA39411CA2CEA /* Other Sources */ = {
			isa = PBXGroup;
			children = (
				32CA4F630368D1EE00C91783 /* Profify-Prefix.pch */,
				29B97316FDCFA39411CA2CEA /* main.m */,
				ED33DF2A687741AEAF9F8254 /* Bridging-Header.h */,
			);
			name = "Other Sources";
			path = Profify;
			sourceTree = "<group>";
		};
		29B97317FDCFA39411CA2CEA /* Resources */ = {
			isa = PBXGroup;
			children = (
				0207DA571B56EA530066E2B4 /* Images.xcassets */,
				3047A50E1AB8057F00498E2A /* config */,
				8D1107310486CEB800E47090 /* Profify-Info.plist */,
				6AFF5BF81D6E424B00AB3073 /* CDVLaunchScreen.storyboard */,
				B7400C3495FC4EB6AA96ADBD /* ELCAlbumPickerController.xib */,
				EF37DD2E44DB4255860C98EC /* ELCAssetPicker.xib */,
				E1736BECEB434263927269AA /* ELCAssetTablePicker.xib */,
				52C259087E3B4986B22D1234 /* Overlay.png */,
				92F748751D0C4ADEBA28CF07 /* Overlay@2x.png */,
				E585ABA75BB54FBFA3DAADEB /* scannerOverlay.xib */,
				E76DF5596DCF4C13A2FF61CA /* CDVBarcodeScanner.bundle */,
			);
			name = Resources;
			path = Profify/Resources;
			sourceTree = "<group>";
		};
		29B97323FDCFA39411CA2CEA /* Frameworks */ = {
			isa = PBXGroup;
			children = (
				7C4824D4A2E848AE912F7CFA /* ImageIO.framework */,
				80A598F66CD749CC8C659CA5 /* CoreLocation.framework */,
				DA0E74B3961948A986AEEF02 /* AVFoundation.framework */,
				779968BAFC1F4380906EF239 /* libz.tbd */,
				08FE4E703B7543238175D569 /* SystemConfiguration.framework */,
				4570445E02BA4989B04663B6 /* CoreTelephony.framework */,
				56C5DAED38904263AB84D478 /* Social.framework */,
				71A6638A89B048BAAD7E3DFD /* MessageUI.framework */,
				63155108FD9345069F31BAA9 /* libiconv.dylib */,
				520BFE626EC34649BE2C3845 /* CoreVideo.framework */,
				700CCB6F534640B2BE6CBF76 /* QuartzCore.framework */,
				25FAF18C6A7248909CC75868 /* CoreImage.framework */,
				20D7AE357EC147F5A2F703E5 /* AudioToolbox.framework */,
				875ED25C8F804220829C24DC /* libGGLCloudMessaging.a */,
				358068A214144A07AE61392D /* libGGLCore.a */,
				F3CFFDA1D66542F6809DF6DD /* libGGLInstanceIDLib.a */,
				AFBA1272426A4208917EE343 /* libGIP_Reachability.a */,
				91A245E5A5DE4447AFC56F5C /* libGSDK_Overload.a */,
				45919FABA980408DB44656B7 /* libGTMSessionFetcher_core.a */,
				E846D95530664F6C8AC3F451 /* libGTMSessionFetcher_full.a */,
				C8473B9A812A496EA131E9B6 /* libGTMStackTrace.a */,
				8191FA51B74B4E99B0400F0F /* libGTM_AddressBook.a */,
				F0E6AE8C235A403097164F20 /* libGTM_DebugUtils.a */,
				130A377A23084D3A8F872EDF /* libGTM_GTMURLBuilder.a */,
				AA0D0105E398488E9DDAD51D /* libGTM_KVO.a */,
				97337D61ED764288800FE416 /* libGTM_NSData+zlib.a */,
				8AB412F796314DB7B050355D /* libGTM_NSDictionary+URLArguments.a */,
				F6BDA384DAE24A7FB8DBCC7C /* libGTM_NSScannerJSON.a */,
				4521982826E04FFAB239FB08 /* libGTM_NSStringHTML.a */,
				121F71B1B0EC41478FE683D3 /* libGTM_NSStringXML.a */,
				85B6E4EAD389424D984EB220 /* libGTM_Regex.a */,
				96B685B462884DA781B9991D /* libGTM_RoundedRectPath.a */,
				15EBBC971CA5402AB4E2E0A6 /* libGTM_StringEncoding.a */,
				1B0E923E5D9C4A629C3C631F /* libGTM_SystemVersion.a */,
				4638136DF18E4DC897069AF8 /* libGTM_UIFont+LineHeight.a */,
				0988C86197604E4B89585E6D /* libGTM_core.a */,
				B4BB1A13C3A647A6A3B18C4C /* libGTM_iPhone.a */,
				CD2D1C8AA30E409C8CA060E0 /* libGcmLib.a */,
				7E205C4056C241DAADCB33F1 /* libProtocolBuffers.a */,
				398ED4FCB6CE4CB882730FC0 /* AddressBook.framework */,
				882AE45FB21447B8A4EB0FB8 /* libsqlite3.tbd */,
				A565F561CC94430291C7F974 /* Security.framework */,
			);
			name = Frameworks;
			sourceTree = "<group>";
		};
		301BF52E109A57CC0062928A /* Products */ = {
			isa = PBXGroup;
			children = (
				301BF535109A57CC0062928A /* libCordova.a */,
				5BC750601F54478E009DE316 /* Cordova.framework */,
			);
			name = Products;
			sourceTree = "<group>";
		};
		3047A50E1AB8057F00498E2A /* config */ = {
			isa = PBXGroup;
			children = (
				3047A50F1AB8059700498E2A /* build-debug.xcconfig */,
				3047A5101AB8059700498E2A /* build-release.xcconfig */,
				3047A5111AB8059700498E2A /* build.xcconfig */,
			);
			name = config;
			sourceTree = "<group>";
		};
		307C750510C5A3420062BCA9 /* Plugins */ = {
			isa = PBXGroup;
			children = (
				6D2FA305EA794DC49D241C34 /* CDVClipboard.m */,
				333FED84E58C457C9FDD39BE /* CDVClipboard.h */,
				F9AD9F06EE5149849C4DEE30 /* CDVInstagramPlugin.m */,
				E4380185EA9740AB91FFE85A /* CDVInstagramPlugin.h */,
				1FB37108FB824C38A93EE2E1 /* UIImage+CropScaleOrientation.m */,
				12A0DD77BDB54E8EB227C5E8 /* CDVCamera.m */,
				8E2021A3FBA0441098267646 /* CDVJpegHeaderWriter.m */,
				A493FEEC8D4F4BC6A594609F /* UIImage+CropScaleOrientation.h */,
				99AC797EF18B49E7B7C9457C /* CDVCamera.h */,
				9256BE9055AB489CBDE034D5 /* CDVJpegHeaderWriter.h */,
				357C795E5C3B4BE7B57100F4 /* CDVExif.h */,
				42A25351B1EA4261BECCEE24 /* CDVLogger.m */,
				FDB70DC71CA44A939FCDE3BD /* CDVLogger.h */,
				B23B4E55A4594E588D0C6AE7 /* CDVDevice.m */,
				03282233DCE444ABA06B6254 /* CDVDevice.h */,
				9A5C1C1B0D28425B8F156B6B /* CDVFile.m */,
				DC04364D25AF4A10856212CA /* CDVLocalFilesystem.m */,
				BC10F44284D9453F988ED842 /* CDVAssetLibraryFilesystem.m */,
				4262C94B67CB405A9554BF70 /* CDVFile.h */,
				17486D581C5D4C318A09E4A5 /* CDVLocalFilesystem.h */,
				98D2B05E185746B187745198 /* CDVAssetLibraryFilesystem.h */,
				1E0F6D239E5C4D089AAD42A8 /* CDVFileTransfer.m */,
				84C36CBD67C743CCA8FEAF74 /* CDVFileTransfer.h */,
				28DCC1C05762456284DE7AA5 /* CDVLocation.m */,
				A3DA118EFF5A42C8ABF0E7F9 /* CDVLocation.h */,
				EABD9BE62F7D4AD18F82BAEF /* CDVGlobalization.m */,
				F2709DE0DBDA4D3EB6703DD3 /* CDVGlobalization.h */,
				E22DC2E1F9544CAA9D34234E /* SOSPicker.m */,
				C47B7C3202564C7AB9CC1273 /* ELCAlbumPickerController.m */,
				4C0EF0B0678E4BED86DB99BE /* ELCAsset.m */,
				95AA5A2F5C9141109F078300 /* ELCAssetCell.m */,
				0DFDA281BEC243E8915ED125 /* ELCAssetTablePicker.m */,
				61916578A57A4FF2B1F8E019 /* ELCImagePickerController.m */,
				EA9DD093BDC144A3AA522E55 /* SOSPicker.h */,
				FC41B632C66942CC9B77817B /* ELCAlbumPickerController.h */,
				D6CADE69FEE74C46A4ECC17C /* ELCAsset.h */,
				81C2AD3979EC4E46ACD28AE5 /* ELCAssetCell.h */,
				73A854D40A104A24B185FA10 /* ELCAssetPickerFilterDelegate.h */,
				3DFD729146174A859909167B /* ELCAssetSelectionDelegate.h */,
				63F58FEB8F38495EAA748517 /* ELCAssetTablePicker.h */,
				BC01E14C71FD401D89B147C8 /* ELCImagePickerController.h */,
				5DBBF01E95FA4DEDA9006AE1 /* CDVInAppBrowser.m */,
				8BE26F7D4C6844B8BA8F199D /* CDVInAppBrowser.h */,
				F4DF240D7DBA401F9684F26E /* CDVConnection.m */,
				FC0F836183CF4C248A5EC5C8 /* CDVReachability.m */,
				BC96891F64DD40D2A9B164F2 /* CDVConnection.h */,
				1E98B88684AC43A6BB4AAA2A /* CDVReachability.h */,
				607CEEA9293A4F23A93AFB19 /* CDVSplashScreen.m */,
				4D6A518DAE504284B31AB437 /* CDVViewController+SplashScreen.m */,
				9C772083AB864F97BE781164 /* CDVSplashScreen.h */,
				FD08223B4D794790AF85692D /* CDVViewController+SplashScreen.h */,
				D420DB6D8B854D178B5DF329 /* CDVStatusBar.m */,
				9BD012004F2D4B6CBBA61468 /* CDVStatusBar.h */,
				E18663E0163C4F0A9A5D21D6 /* NSString+URLEncoding.m */,
				1A2B385C8EE7413C8C64E237 /* SocialSharing.m */,
				B3C58EB1D17342B6883C219B /* NSString+URLEncoding.h */,
				55AF0E71E72F40BA9ED22B16 /* SocialSharing.h */,
				68CFFAEDB3DA41FD870B9953 /* SQLitePlugin.m */,
				465CEBB40FDF4285AC98E988 /* sqlite3.c */,
				CD4E724948BC45A4B95F121B /* SQLitePlugin.h */,
				3E28BA8143F64641A6540E61 /* sqlite3.h */,
				5CE9C611B970421C811276E4 /* IonicKeyboard.m */,
				327B336986624B2AAB2CA425 /* IonicKeyboard.h */,
				F6B9F22FAEE64ED99DE77F43 /* CDVBarcodeScanner.mm */,
				058FD035DEC84E6FA37803F4 /* zxing-all-in-one.cpp */,
				F7CE424630C942E9A8913CDF /* zxing-all-in-one.h */,
				A2A27F0282644C2AA9776AF5 /* AppDelegate+notification.m */,
				CCAA33ED899B4368985DD2A0 /* PushPlugin.m */,
				C1107A0E5A534711BD1DA5D8 /* AppDelegate+notification.h */,
				659C48F51845475A969405F6 /* PushPlugin.h */,
				1CA75A2A6A3645FBBD3EA15E /* GGLInstanceID.h */,
				2C6473E5D56443009A6B56DD /* GGLInstanceIDConfig.h */,
				C6EA8144AAB6453FAAE90A12 /* GGLInstanceIDDelegate.h */,
				061A7C969A2B43DEAC9BD16B /* GGLInstanceIDHeaders.h */,
				91034740EE99464C86020025 /* CloudMessaging.h */,
				D67B9F0153524516AE4FB92C /* GGLContext+CloudMessaging.h */,
				C5B7427C264D4CF9AD96A397 /* Core.h */,
				ED693460288B4FDF952E4718 /* GGLConfiguration.h */,
				9D0A7FEBC9604DDAA322FD04 /* GGLContext.h */,
				492F8DC6E1D7482C83C67E5D /* GGLErrorCode.h */,
				AF0931920524406BA553E91A /* GCMConfig.h */,
				97F4DDBE4A8E464DA794FE38 /* GCMPubSub.h */,
				0D84859C38D2472CBD4FADC8 /* GCMReceiverDelegate.h */,
				2CEF4FB5942B436FB1F54D9C /* GCMService.h */,
				D9DD64F360284296BFF7D019 /* GoogleCloudMessaging.h */,
				E1D0039B3AE74BF38027A5CB /* FetchPlugin.m */,
				C83E216D95ED49E5BD8E1372 /* BaseClient.m */,
				7501B0A44A5546EFAA543878 /* AFHTTPSessionManager.m */,
				9CF93D90E656496EA1B0203A /* AFNetworkReachabilityManager.m */,
				04F947E3D2E6469791F31352 /* AFSecurityPolicy.m */,
				B510772944534A339F8DBFCA /* AFURLRequestSerialization.m */,
				2C413E86E75E4718B258FB79 /* AFURLResponseSerialization.m */,
				400466AA2562410F963DF1C4 /* AFURLSessionManager.m */,
				6199C7ED913A4543A43C1102 /* AFNetworkActivityLogger.m */,
				B96FAFF3A52C4813994631B8 /* FetchPlugin.h */,
				91B830EBE9084B06AEB96D4B /* BaseClient.h */,
				08D1A5672CA442558A563664 /* AFHTTPSessionManager.h */,
				C895A2C58B2A4500ABCB7FD3 /* AFNetworking.h */,
				D2414D4A86064AA89061F61E /* AFNetworkReachabilityManager.h */,
				8065A063477549ED95D4A4F6 /* AFSecurityPolicy.h */,
				26DF63E33CE44FC0A6A147B2 /* AFURLRequestSerialization.h */,
				53E18B094E1F4C739A864706 /* AFURLResponseSerialization.h */,
				7A20F36586C14A3D86540EBE /* AFURLSessionManager.h */,
				DF3CE531BA1641CDA68719C0 /* AFNetworkActivityLogger.h */,
			);
			name = Plugins;
			path = Profify/Plugins;
			sourceTree = SOURCE_ROOT;
		};
		EB87FDF11871DA420020F90C /* Staging */ = {
			isa = PBXGroup;
			children = (
				F840E1F0165FE0F500CFE078 /* config.xml */,
				301BF56E109A69640062928A /* www */,
			);
			name = Staging;
			sourceTree = "<group>";
		};
/* End PBXGroup section */

/* Begin PBXNativeTarget section */
		1D6058900D05DD3D006BFB54 /* Profify */ = {
			isa = PBXNativeTarget;
			buildConfigurationList = 1D6058960D05DD3E006BFB54 /* Build configuration list for PBXNativeTarget "Profify" */;
			buildPhases = (
				304B58A110DAC018002A0835 /* Copy www directory */,
				1D60588D0D05DD3D006BFB54 /* Resources */,
				1D60588E0D05DD3D006BFB54 /* Sources */,
				1D60588F0D05DD3D006BFB54 /* Frameworks */,
			);
			buildRules = (
			);
			dependencies = (
				301BF551109A68C00062928A /* PBXTargetDependency */,
			);
			name = Profify;
			productName = Profify;
			productReference = 1D6058910D05DD3D006BFB54 /* Profify.app */;
			productType = "com.apple.product-type.application";
		};
/* End PBXNativeTarget section */

/* Begin PBXProject section */
		29B97313FDCFA39411CA2CEA /* Project object */ = {
			isa = PBXProject;
			attributes = {
				LastUpgradeCheck = 510;
				TargetAttributes = {
					1D6058900D05DD3D006BFB54 = {
						DevelopmentTeam = 45392FKUNT;
						ProvisioningStyle = Manual;
						SystemCapabilities = {
							com.apple.Push = {
								enabled = 1;
							};
						};
					};
				};
			};
			buildConfigurationList = C01FCF4E08A954540054247B /* Build configuration list for PBXProject "Profify" */;
			compatibilityVersion = "Xcode 3.2";
			developmentRegion = English;
			hasScannedForEncodings = 1;
			knownRegions = (
				en,
			);
			mainGroup = 29B97314FDCFA39411CA2CEA /* CustomTemplate */;
			projectDirPath = "";
			projectReferences = (
				{
					ProductGroup = 301BF52E109A57CC0062928A /* Products */;
					ProjectRef = 301BF52D109A57CC0062928A /* CordovaLib/CordovaLib.xcodeproj */;
				},
			);
			projectRoot = "";
			targets = (
				1D6058900D05DD3D006BFB54 /* Profify */,
			);
		};
/* End PBXProject section */

/* Begin PBXReferenceProxy section */
		301BF535109A57CC0062928A /* libCordova.a */ = {
			isa = PBXReferenceProxy;
			fileType = archive.ar;
			path = libCordova.a;
			remoteRef = 301BF534109A57CC0062928A /* PBXContainerItemProxy */;
			sourceTree = BUILT_PRODUCTS_DIR;
		};
		5BC750601F54478E009DE316 /* Cordova.framework */ = {
			isa = PBXReferenceProxy;
			fileType = wrapper.framework;
			path = Cordova.framework;
			remoteRef = 5BC7505F1F54478E009DE316 /* PBXContainerItemProxy */;
			sourceTree = BUILT_PRODUCTS_DIR;
		};
/* End PBXReferenceProxy section */

/* Begin PBXResourcesBuildPhase section */
		1D60588D0D05DD3D006BFB54 /* Resources */ = {
			isa = PBXResourcesBuildPhase;
			buildActionMask = 2147483647;
			files = (
				302D95F214D2391D003F00A1 /* MainViewController.xib in Resources */,
				0207DA581B56EA530066E2B4 /* Images.xcassets in Resources */,
				6AFF5BF91D6E424B00AB3073 /* CDVLaunchScreen.storyboard in Resources */,
				70BE86E2EED94F5487C297A5 /* ELCAlbumPickerController.xib in Resources */,
				838BAE78A034405EBE1BB3C9 /* ELCAssetPicker.xib in Resources */,
				686F54C4401544988CD8C237 /* ELCAssetTablePicker.xib in Resources */,
				6315A1064B1D4B9284DE629C /* Overlay.png in Resources */,
				1A4C4904F1AD46759953F01D /* Overlay@2x.png in Resources */,
				49F217F00CD2467BBBFF8E77 /* scannerOverlay.xib in Resources */,
				B7A6BD476D464517B31BC537 /* CDVBarcodeScanner.bundle in Resources */,
			);
			runOnlyForDeploymentPostprocessing = 0;
		};
/* End PBXResourcesBuildPhase section */

/* Begin PBXShellScriptBuildPhase section */
		304B58A110DAC018002A0835 /* Copy www directory */ = {
			isa = PBXShellScriptBuildPhase;
			buildActionMask = 2147483647;
			files = (
			);
			inputPaths = (
			);
			name = "Copy www directory";
			outputPaths = (
			);
			runOnlyForDeploymentPostprocessing = 0;
			shellPath = /bin/sh;
			shellScript = "NODEJS_PATH=/usr/local/bin; NVM_NODE_PATH=~/.nvm/versions/node/`nvm version 2>/dev/null`/bin; N_NODE_PATH=`find /usr/local/n/versions/node/* -maxdepth 0 -type d 2>/dev/null | tail -1`/bin; XCODE_NODE_PATH=`xcode-select --print-path`/usr/share/xcs/Node/bin; PATH=$NODEJS_PATH:$NVM_NODE_PATH:$N_NODE_PATH:$XCODE_NODE_PATH:$PATH && node cordova/lib/copy-www-build-step.js";
			showEnvVarsInLog = 0;
		};
/* End PBXShellScriptBuildPhase section */

/* Begin PBXSourcesBuildPhase section */
		1D60588E0D05DD3D006BFB54 /* Sources */ = {
			isa = PBXSourcesBuildPhase;
			buildActionMask = 2147483647;
			files = (
				1D60589B0D05DD56006BFB54 /* main.m in Sources */,
				1D3623260D0F684500981E51 /* AppDelegate.m in Sources */,
				302D95F114D2391D003F00A1 /* MainViewController.m in Sources */,
				D735768210A640898488E778 /* CDVClipboard.m in Sources */,
				571EC35574824204BA307139 /* CDVInstagramPlugin.m in Sources */,
				3ED296FD429B4DA88933B11D /* UIImage+CropScaleOrientation.m in Sources */,
				7D6098ECCEF44990A47C612C /* CDVCamera.m in Sources */,
				574312966A2F46D2AC1C12D2 /* CDVJpegHeaderWriter.m in Sources */,
				0DC504BCD79844D1BDF34BF3 /* CDVLogger.m in Sources */,
				8F2C24550AAA4683ADB5F5D1 /* CDVDevice.m in Sources */,
				07485F5F26E44D41B149C121 /* CDVFile.m in Sources */,
				BBD0DD84B8CC4921A8C40F78 /* CDVLocalFilesystem.m in Sources */,
				85A4F093069E49749C51D60A /* CDVAssetLibraryFilesystem.m in Sources */,
				382F2F93BFBB47C586A3E427 /* CDVFileTransfer.m in Sources */,
				2EA745D754CE440792C42A8D /* CDVLocation.m in Sources */,
				3897EFD79D0248239C5AC789 /* CDVGlobalization.m in Sources */,
				B503563ADAFE4539B8CCDFCC /* SOSPicker.m in Sources */,
				E08DBD5E7411444A813A4C6E /* ELCAlbumPickerController.m in Sources */,
				F9BFF9055F664D32A4E72C69 /* ELCAsset.m in Sources */,
				293F0DCFE4AF4A0585BA1A1A /* ELCAssetCell.m in Sources */,
				72BF3B99FB464381BC1BB974 /* ELCAssetTablePicker.m in Sources */,
				BBAC248AFB7543DBBD48D1FA /* ELCImagePickerController.m in Sources */,
				DDF28F24014F4F31B30F8942 /* CDVInAppBrowser.m in Sources */,
				626CC643CCDD4D46A25BF0E8 /* CDVConnection.m in Sources */,
				6AE37E18238E4D22B49B8C1E /* CDVReachability.m in Sources */,
				3AC65E44B87546F096C423E6 /* CDVSplashScreen.m in Sources */,
				4F9D687060F5497795E3C2A2 /* CDVViewController+SplashScreen.m in Sources */,
				FB96AD8CA9E3456DA7154B6F /* CDVStatusBar.m in Sources */,
				92D5D3849E1040AD8AC7E088 /* NSString+URLEncoding.m in Sources */,
				579144A291384D0CBA978173 /* SocialSharing.m in Sources */,
				3344A83EFB6441538BD36D9F /* SQLitePlugin.m in Sources */,
				05DA7BC98D1C4E9687E57304 /* sqlite3.c in Sources */,
				A4378A1ADA7C421A9FD2C98A /* IonicKeyboard.m in Sources */,
				DB9D8BF3EE1C49D99612777E /* CDVBarcodeScanner.mm in Sources */,
				3811A57038C947B7B1623A52 /* zxing-all-in-one.cpp in Sources */,
				010E3BA3CC574D299E5629E7 /* AppDelegate+notification.m in Sources */,
				8D6919916E064866B4F6BEC5 /* PushPlugin.m in Sources */,
				334EC756646A404A8E505D5C /* FetchPlugin.m in Sources */,
				BDD82CEDDE8142AB95D3EDB5 /* BaseClient.m in Sources */,
				288B8D80CDC84FC381B5FC71 /* AFHTTPSessionManager.m in Sources */,
				040B02688DD044FFA6D3D01F /* AFNetworkReachabilityManager.m in Sources */,
				445C434A2AF94CB5AC125407 /* AFSecurityPolicy.m in Sources */,
				81E33AA18DE44EDCB33F4AEC /* AFURLRequestSerialization.m in Sources */,
				FE0A9D17A2474F79966F846C /* AFURLResponseSerialization.m in Sources */,
				DA9981CDBCA54D339B93EEE4 /* AFURLSessionManager.m in Sources */,
				7041F15200844081AEA979DB /* AFNetworkActivityLogger.m in Sources */,
			);
			runOnlyForDeploymentPostprocessing = 0;
		};
/* End PBXSourcesBuildPhase section */

/* Begin PBXTargetDependency section */
		301BF551109A68C00062928A /* PBXTargetDependency */ = {
			isa = PBXTargetDependency;
			name = CordovaLib;
			targetProxy = 301BF550109A68C00062928A /* PBXContainerItemProxy */;
		};
/* End PBXTargetDependency section */

/* Begin XCBuildConfiguration section */
		1D6058940D05DD3E006BFB54 /* Debug */ = {
			isa = XCBuildConfiguration;
			baseConfigurationReference = 3047A50F1AB8059700498E2A /* build-debug.xcconfig */;
			buildSettings = {
				ALWAYS_SEARCH_USER_PATHS = NO;
				ASSETCATALOG_COMPILER_APPICON_NAME = AppIcon;
				ASSETCATALOG_COMPILER_LAUNCHIMAGE_NAME = LaunchImage;
				CLANG_ENABLE_MODULES = YES;
				CLANG_ENABLE_OBJC_ARC = YES;
				CODE_SIGN_ENTITLEMENTS = Profify/Profify.entitlements;
				COPY_PHASE_STRIP = NO;
				DEVELOPMENT_TEAM = 45392FKUNT;
				GCC_DYNAMIC_NO_PIC = NO;
				GCC_OPTIMIZATION_LEVEL = 0;
				GCC_PRECOMPILE_PREFIX_HEADER = YES;
				GCC_PREFIX_HEADER = "Profify/Profify-Prefix.pch";
				GCC_THUMB_SUPPORT = NO;
				GCC_VERSION = "";
				INFOPLIST_FILE = "Profify/Profify-Info.plist";
				IPHONEOS_DEPLOYMENT_TARGET = 9.0;
				LD_RUNPATH_SEARCH_PATHS = "@executable_path/Frameworks";
				LIBRARY_SEARCH_PATHS = (
					"$(inherited)",
					"\"$(SRCROOT)/Profify/Plugins/phonegap-plugin-push/GCM/Libraries\"",
					"\"$(SRCROOT)/Profify/Plugins/phonegap-plugin-push/GCM/Libraries\"",
					"\"$(SRCROOT)/Profify/Plugins/phonegap-plugin-push/GCM/Libraries\"",
					"\"$(SRCROOT)/Profify/Plugins/phonegap-plugin-push/GCM/Libraries\"",
					"\"$(SRCROOT)/Profify/Plugins/phonegap-plugin-push/GCM/Libraries\"",
					"\"$(SRCROOT)/Profify/Plugins/phonegap-plugin-push/GCM/Libraries\"",
					"\"$(SRCROOT)/Profify/Plugins/phonegap-plugin-push/GCM/Libraries\"",
					"\"$(SRCROOT)/Profify/Plugins/phonegap-plugin-push/GCM/Libraries\"",
					"\"$(SRCROOT)/Profify/Plugins/phonegap-plugin-push/GCM/Libraries\"",
					"\"$(SRCROOT)/Profify/Plugins/phonegap-plugin-push/GCM/Libraries\"",
					"\"$(SRCROOT)/Profify/Plugins/phonegap-plugin-push/GCM/Libraries\"",
					"\"$(SRCROOT)/Profify/Plugins/phonegap-plugin-push/GCM/Libraries\"",
					"\"$(SRCROOT)/Profify/Plugins/phonegap-plugin-push/GCM/Libraries\"",
					"\"$(SRCROOT)/Profify/Plugins/phonegap-plugin-push/GCM/Libraries\"",
					"\"$(SRCROOT)/Profify/Plugins/phonegap-plugin-push/GCM/Libraries\"",
					"\"$(SRCROOT)/Profify/Plugins/phonegap-plugin-push/GCM/Libraries\"",
					"\"$(SRCROOT)/Profify/Plugins/phonegap-plugin-push/GCM/Libraries\"",
					"\"$(SRCROOT)/Profify/Plugins/phonegap-plugin-push/GCM/Libraries\"",
					"\"$(SRCROOT)/Profify/Plugins/phonegap-plugin-push/GCM/Libraries\"",
					"\"$(SRCROOT)/Profify/Plugins/phonegap-plugin-push/GCM/Libraries\"",
					"\"$(SRCROOT)/Profify/Plugins/phonegap-plugin-push/GCM/Libraries\"",
					"\"$(SRCROOT)/Profify/Plugins/phonegap-plugin-push/GCM/Libraries\"",
					"\"$(SRCROOT)/Profify/Plugins/phonegap-plugin-push/GCM/Libraries\"",
					"\"$(SRCROOT)/Profify/Plugins/phonegap-plugin-push/GCM/Libraries\"",
					"\"$(SRCROOT)/Profify/Plugins/phonegap-plugin-push/GCM/Libraries\"",
					"\"$(SRCROOT)/Profify/Plugins/phonegap-plugin-push/GCM/Libraries\"",
				);
				PRODUCT_NAME = Profify;
				PROVISIONING_PROFILE = "b76be458-e566-460a-90c6-4ef014f97dac";
				PROVISIONING_PROFILE_SPECIFIER = ProfifyDev;
				TARGETED_DEVICE_FAMILY = "1,2";
			};
			name = Debug;
		};
		1D6058950D05DD3E006BFB54 /* Release */ = {
			isa = XCBuildConfiguration;
			baseConfigurationReference = 3047A5101AB8059700498E2A /* build-release.xcconfig */;
			buildSettings = {
				ALWAYS_SEARCH_USER_PATHS = NO;
				ASSETCATALOG_COMPILER_APPICON_NAME = AppIcon;
				ASSETCATALOG_COMPILER_LAUNCHIMAGE_NAME = LaunchImage;
				CLANG_ENABLE_MODULES = YES;
				CLANG_ENABLE_OBJC_ARC = YES;
				CODE_SIGN_ENTITLEMENTS = Profify/Profify.entitlements;
				COPY_PHASE_STRIP = YES;
				DEVELOPMENT_TEAM = 45392FKUNT;
				GCC_PRECOMPILE_PREFIX_HEADER = YES;
				GCC_PREFIX_HEADER = "Profify/Profify-Prefix.pch";
				GCC_THUMB_SUPPORT = NO;
				GCC_VERSION = "";
				INFOPLIST_FILE = "Profify/Profify-Info.plist";
				IPHONEOS_DEPLOYMENT_TARGET = 9.0;
				LD_RUNPATH_SEARCH_PATHS = "@executable_path/Frameworks";
				LIBRARY_SEARCH_PATHS = (
					"$(inherited)",
					"\"$(SRCROOT)/Profify/Plugins/phonegap-plugin-push/GCM/Libraries\"",
					"\"$(SRCROOT)/Profify/Plugins/phonegap-plugin-push/GCM/Libraries\"",
					"\"$(SRCROOT)/Profify/Plugins/phonegap-plugin-push/GCM/Libraries\"",
					"\"$(SRCROOT)/Profify/Plugins/phonegap-plugin-push/GCM/Libraries\"",
					"\"$(SRCROOT)/Profify/Plugins/phonegap-plugin-push/GCM/Libraries\"",
					"\"$(SRCROOT)/Profify/Plugins/phonegap-plugin-push/GCM/Libraries\"",
					"\"$(SRCROOT)/Profify/Plugins/phonegap-plugin-push/GCM/Libraries\"",
					"\"$(SRCROOT)/Profify/Plugins/phonegap-plugin-push/GCM/Libraries\"",
					"\"$(SRCROOT)/Profify/Plugins/phonegap-plugin-push/GCM/Libraries\"",
					"\"$(SRCROOT)/Profify/Plugins/phonegap-plugin-push/GCM/Libraries\"",
					"\"$(SRCROOT)/Profify/Plugins/phonegap-plugin-push/GCM/Libraries\"",
					"\"$(SRCROOT)/Profify/Plugins/phonegap-plugin-push/GCM/Libraries\"",
					"\"$(SRCROOT)/Profify/Plugins/phonegap-plugin-push/GCM/Libraries\"",
					"\"$(SRCROOT)/Profify/Plugins/phonegap-plugin-push/GCM/Libraries\"",
					"\"$(SRCROOT)/Profify/Plugins/phonegap-plugin-push/GCM/Libraries\"",
					"\"$(SRCROOT)/Profify/Plugins/phonegap-plugin-push/GCM/Libraries\"",
					"\"$(SRCROOT)/Profify/Plugins/phonegap-plugin-push/GCM/Libraries\"",
					"\"$(SRCROOT)/Profify/Plugins/phonegap-plugin-push/GCM/Libraries\"",
					"\"$(SRCROOT)/Profify/Plugins/phonegap-plugin-push/GCM/Libraries\"",
					"\"$(SRCROOT)/Profify/Plugins/phonegap-plugin-push/GCM/Libraries\"",
					"\"$(SRCROOT)/Profify/Plugins/phonegap-plugin-push/GCM/Libraries\"",
					"\"$(SRCROOT)/Profify/Plugins/phonegap-plugin-push/GCM/Libraries\"",
					"\"$(SRCROOT)/Profify/Plugins/phonegap-plugin-push/GCM/Libraries\"",
					"\"$(SRCROOT)/Profify/Plugins/phonegap-plugin-push/GCM/Libraries\"",
					"\"$(SRCROOT)/Profify/Plugins/phonegap-plugin-push/GCM/Libraries\"",
					"\"$(SRCROOT)/Profify/Plugins/phonegap-plugin-push/GCM/Libraries\"",
				);
				PRODUCT_NAME = Profify;
				PROVISIONING_PROFILE = "eb2ba8b3-97ba-4a18-abf6-e985cc17a2f2";
				PROVISIONING_PROFILE_SPECIFIER = ProfifyDis;
				TARGETED_DEVICE_FAMILY = "1,2";
			};
			name = Release;
		};
		C01FCF4F08A954540054247B /* Debug */ = {
			isa = XCBuildConfiguration;
			baseConfigurationReference = 3047A5111AB8059700498E2A /* build.xcconfig */;
			buildSettings = {
				ASSETCATALOG_COMPILER_LAUNCHIMAGE_NAME = LaunchImage;
				CLANG_ENABLE_MODULES = YES;
				CLANG_ENABLE_OBJC_ARC = YES;
				CLANG_WARN_BOOL_CONVERSION = YES;
				CLANG_WARN_CONSTANT_CONVERSION = YES;
				CLANG_WARN_EMPTY_BODY = YES;
				CLANG_WARN_ENUM_CONVERSION = YES;
				CLANG_WARN_INT_CONVERSION = YES;
				CLANG_WARN__DUPLICATE_METHOD_MATCH = YES;
				GCC_C_LANGUAGE_STANDARD = c99;
				GCC_THUMB_SUPPORT = NO;
				GCC_VERSION = "";
				GCC_WARN_ABOUT_RETURN_TYPE = YES;
				GCC_WARN_UNDECLARED_SELECTOR = YES;
				GCC_WARN_UNINITIALIZED_AUTOS = YES;
				GCC_WARN_UNUSED_FUNCTION = YES;
				GCC_WARN_UNUSED_VARIABLE = YES;
				ONLY_ACTIVE_ARCH = YES;
				SDKROOT = iphoneos;
				SKIP_INSTALL = NO;
			};
			name = Debug;
		};
		C01FCF5008A954540054247B /* Release */ = {
			isa = XCBuildConfiguration;
			baseConfigurationReference = 3047A5111AB8059700498E2A /* build.xcconfig */;
			buildSettings = {
				ASSETCATALOG_COMPILER_LAUNCHIMAGE_NAME = LaunchImage;
				CLANG_ENABLE_MODULES = YES;
				CLANG_ENABLE_OBJC_ARC = YES;
				CLANG_WARN_BOOL_CONVERSION = YES;
				CLANG_WARN_CONSTANT_CONVERSION = YES;
				CLANG_WARN_EMPTY_BODY = YES;
				CLANG_WARN_ENUM_CONVERSION = YES;
				CLANG_WARN_INT_CONVERSION = YES;
				CLANG_WARN__DUPLICATE_METHOD_MATCH = YES;
				GCC_C_LANGUAGE_STANDARD = c99;
				GCC_THUMB_SUPPORT = NO;
				GCC_VERSION = "";
				GCC_WARN_ABOUT_RETURN_TYPE = YES;
				GCC_WARN_UNDECLARED_SELECTOR = YES;
				GCC_WARN_UNINITIALIZED_AUTOS = YES;
				GCC_WARN_UNUSED_FUNCTION = YES;
				GCC_WARN_UNUSED_VARIABLE = YES;
				SDKROOT = iphoneos;
				SKIP_INSTALL = NO;
			};
			name = Release;
		};
/* End XCBuildConfiguration section */

/* Begin XCConfigurationList section */
		1D6058960D05DD3E006BFB54 /* Build configuration list for PBXNativeTarget "Profify" */ = {
			isa = XCConfigurationList;
			buildConfigurations = (
				1D6058940D05DD3E006BFB54 /* Debug */,
				1D6058950D05DD3E006BFB54 /* Release */,
			);
			defaultConfigurationIsVisible = 0;
			defaultConfigurationName = Release;
		};
		C01FCF4E08A954540054247B /* Build configuration list for PBXProject "Profify" */ = {
			isa = XCConfigurationList;
			buildConfigurations = (
				C01FCF4F08A954540054247B /* Debug */,
				C01FCF5008A954540054247B /* Release */,
			);
			defaultConfigurationIsVisible = 0;
			defaultConfigurationName = Release;
		};
/* End XCConfigurationList section */
	};
	rootObject = 29B97313FDCFA39411CA2CEA /* Project object */;
}
